// !$*UTF8*$!
{
	archiveVersion = 1;
	classes = {
	};
	objectVersion = 50;
	objects = {

/* Begin PBXBuildFile section */
		D374802D24DC1EA100D8EC43 /* AppDelegate.swift in Sources */ = {isa = PBXBuildFile; fileRef = D374802C24DC1EA100D8EC43 /* AppDelegate.swift */; };
		D374803124DC1EA100D8EC43 /* MainViewController.swift in Sources */ = {isa = PBXBuildFile; fileRef = D374803024DC1EA100D8EC43 /* MainViewController.swift */; };
		D374803624DC1EA400D8EC43 /* Assets.xcassets in Resources */ = {isa = PBXBuildFile; fileRef = D374803524DC1EA400D8EC43 /* Assets.xcassets */; };
		D374803924DC1EA400D8EC43 /* LaunchScreen.storyboard in Resources */ = {isa = PBXBuildFile; fileRef = D374803724DC1EA400D8EC43 /* LaunchScreen.storyboard */; };
		D374804324DC234F00D8EC43 /* TopView.swift in Sources */ = {isa = PBXBuildFile; fileRef = D374804224DC234F00D8EC43 /* TopView.swift */; };
		D374804624DC27E900D8EC43 /* Model.swift in Sources */ = {isa = PBXBuildFile; fileRef = D374804524DC27E900D8EC43 /* Model.swift */; };
		D374804924DC287400D8EC43 /* Extension.swift in Sources */ = {isa = PBXBuildFile; fileRef = D374804824DC287400D8EC43 /* Extension.swift */; };
		D374804C24DC2BDF00D8EC43 /* BannerTableCell.swift in Sources */ = {isa = PBXBuildFile; fileRef = D374804B24DC2BDF00D8EC43 /* BannerTableCell.swift */; };
		D374804F24DC2DA600D8EC43 /* BannerCollectionCell.swift in Sources */ = {isa = PBXBuildFile; fileRef = D374804E24DC2DA600D8EC43 /* BannerCollectionCell.swift */; };
		D374805124DC32C800D8EC43 /* NewMusicTitleTableCell.swift in Sources */ = {isa = PBXBuildFile; fileRef = D374805024DC32C800D8EC43 /* NewMusicTitleTableCell.swift */; };
		D374805324DC35AE00D8EC43 /* NewMusicCoverTableCell.swift in Sources */ = {isa = PBXBuildFile; fileRef = D374805224DC35AE00D8EC43 /* NewMusicCoverTableCell.swift */; };
		D374805524DC365700D8EC43 /* CoverCollectionCell.swift in Sources */ = {isa = PBXBuildFile; fileRef = D374805424DC365700D8EC43 /* CoverCollectionCell.swift */; };
		D374805824DC430600D8EC43 /* EditView.swift in Sources */ = {isa = PBXBuildFile; fileRef = D374805724DC430600D8EC43 /* EditView.swift */; };
/* End PBXBuildFile section */

/* Begin PBXFileReference section */
		D374802924DC1EA100D8EC43 /* OhMyBeatmaker.app */ = {isa = PBXFileReference; explicitFileType = wrapper.application; includeInIndex = 0; path = OhMyBeatmaker.app; sourceTree = BUILT_PRODUCTS_DIR; };
		D374802C24DC1EA100D8EC43 /* AppDelegate.swift */ = {isa = PBXFileReference; lastKnownFileType = sourcecode.swift; path = AppDelegate.swift; sourceTree = "<group>"; };
		D374803024DC1EA100D8EC43 /* MainViewController.swift */ = {isa = PBXFileReference; lastKnownFileType = sourcecode.swift; path = MainViewController.swift; sourceTree = "<group>"; };
		D374803524DC1EA400D8EC43 /* Assets.xcassets */ = {isa = PBXFileReference; lastKnownFileType = folder.assetcatalog; path = Assets.xcassets; sourceTree = "<group>"; };
		D374803824DC1EA400D8EC43 /* Base */ = {isa = PBXFileReference; lastKnownFileType = file.storyboard; name = Base; path = Base.lproj/LaunchScreen.storyboard; sourceTree = "<group>"; };
		D374803A24DC1EA400D8EC43 /* Info.plist */ = {isa = PBXFileReference; lastKnownFileType = text.plist.xml; path = Info.plist; sourceTree = "<group>"; };
		D374804224DC234F00D8EC43 /* TopView.swift */ = {isa = PBXFileReference; lastKnownFileType = sourcecode.swift; path = TopView.swift; sourceTree = "<group>"; };
		D374804524DC27E900D8EC43 /* Model.swift */ = {isa = PBXFileReference; lastKnownFileType = sourcecode.swift; path = Model.swift; sourceTree = "<group>"; };
		D374804824DC287400D8EC43 /* Extension.swift */ = {isa = PBXFileReference; lastKnownFileType = sourcecode.swift; path = Extension.swift; sourceTree = "<group>"; };
		D374804B24DC2BDF00D8EC43 /* BannerTableCell.swift */ = {isa = PBXFileReference; lastKnownFileType = sourcecode.swift; path = BannerTableCell.swift; sourceTree = "<group>"; };
		D374804E24DC2DA600D8EC43 /* BannerCollectionCell.swift */ = {isa = PBXFileReference; lastKnownFileType = sourcecode.swift; path = BannerCollectionCell.swift; sourceTree = "<group>"; };
		D374805024DC32C800D8EC43 /* NewMusicTitleTableCell.swift */ = {isa = PBXFileReference; lastKnownFileType = sourcecode.swift; path = NewMusicTitleTableCell.swift; sourceTree = "<group>"; };
		D374805224DC35AE00D8EC43 /* NewMusicCoverTableCell.swift */ = {isa = PBXFileReference; lastKnownFileType = sourcecode.swift; path = NewMusicCoverTableCell.swift; sourceTree = "<group>"; };
		D374805424DC365700D8EC43 /* CoverCollectionCell.swift */ = {isa = PBXFileReference; lastKnownFileType = sourcecode.swift; path = CoverCollectionCell.swift; sourceTree = "<group>"; };
		D374805724DC430600D8EC43 /* EditView.swift */ = {isa = PBXFileReference; lastKnownFileType = sourcecode.swift; path = EditView.swift; sourceTree = "<group>"; };
/* End PBXFileReference section */

/* Begin PBXFrameworksBuildPhase section */
		D374802624DC1EA100D8EC43 /* Frameworks */ = {
			isa = PBXFrameworksBuildPhase;
			buildActionMask = 2147483647;
			files = (
			);
			runOnlyForDeploymentPostprocessing = 0;
		};
/* End PBXFrameworksBuildPhase section */

/* Begin PBXGroup section */
		D374802024DC1EA100D8EC43 = {
			isa = PBXGroup;
			children = (
				D374802B24DC1EA100D8EC43 /* OhMyBeatmaker */,
				D374802A24DC1EA100D8EC43 /* Products */,
			);
			sourceTree = "<group>";
		};
		D374802A24DC1EA100D8EC43 /* Products */ = {
			isa = PBXGroup;
			children = (
				D374802924DC1EA100D8EC43 /* OhMyBeatmaker.app */,
			);
			name = Products;
			sourceTree = "<group>";
		};
		D374802B24DC1EA100D8EC43 /* OhMyBeatmaker */ = {
			isa = PBXGroup;
			children = (
				D374802C24DC1EA100D8EC43 /* AppDelegate.swift */,
				D374804724DC286C00D8EC43 /* Extension */,
				D374804424DC27E000D8EC43 /* Model */,
				D374804024DC221700D8EC43 /* MainViewController */,
				D374803524DC1EA400D8EC43 /* Assets.xcassets */,
				D374803724DC1EA400D8EC43 /* LaunchScreen.storyboard */,
				D374803A24DC1EA400D8EC43 /* Info.plist */,
			);
			path = OhMyBeatmaker;
			sourceTree = "<group>";
		};
		D374804024DC221700D8EC43 /* MainViewController */ = {
			isa = PBXGroup;
			children = (
				D374803024DC1EA100D8EC43 /* MainViewController.swift */,
				D374804124DC234000D8EC43 /* View */,
				D374804A24DC2BAF00D8EC43 /* TableCell */,
				D374804D24DC2D8300D8EC43 /* CollectionCell */,
			);
			path = MainViewController;
			sourceTree = "<group>";
		};
		D374804124DC234000D8EC43 /* View */ = {
			isa = PBXGroup;
			children = (
				D374804224DC234F00D8EC43 /* TopView.swift */,
				D374805724DC430600D8EC43 /* EditView.swift */,
			);
			path = View;
			sourceTree = "<group>";
		};
		D374804424DC27E000D8EC43 /* Model */ = {
			isa = PBXGroup;
			children = (
				D374804524DC27E900D8EC43 /* Model.swift */,
			);
			path = Model;
			sourceTree = "<group>";
		};
		D374804724DC286C00D8EC43 /* Extension */ = {
			isa = PBXGroup;
			children = (
				D374804824DC287400D8EC43 /* Extension.swift */,
			);
			path = Extension;
			sourceTree = "<group>";
		};
		D374804A24DC2BAF00D8EC43 /* TableCell */ = {
			isa = PBXGroup;
			children = (
				D374804B24DC2BDF00D8EC43 /* BannerTableCell.swift */,
				D374805024DC32C800D8EC43 /* NewMusicTitleTableCell.swift */,
				D374805224DC35AE00D8EC43 /* NewMusicCoverTableCell.swift */,
			);
			path = TableCell;
			sourceTree = "<group>";
		};
		D374804D24DC2D8300D8EC43 /* CollectionCell */ = {
			isa = PBXGroup;
			children = (
				D374804E24DC2DA600D8EC43 /* BannerCollectionCell.swift */,
				D374805424DC365700D8EC43 /* CoverCollectionCell.swift */,
			);
			path = CollectionCell;
			sourceTree = "<group>";
		};
/* End PBXGroup section */

/* Begin PBXNativeTarget section */
		D374802824DC1EA100D8EC43 /* OhMyBeatmaker */ = {
			isa = PBXNativeTarget;
			buildConfigurationList = D374803D24DC1EA400D8EC43 /* Build configuration list for PBXNativeTarget "OhMyBeatmaker" */;
			buildPhases = (
				D374802524DC1EA100D8EC43 /* Sources */,
				D374802624DC1EA100D8EC43 /* Frameworks */,
				D374802724DC1EA100D8EC43 /* Resources */,
			);
			buildRules = (
			);
			dependencies = (
			);
			name = OhMyBeatmaker;
			productName = OhMyBeatmaker;
			productReference = D374802924DC1EA100D8EC43 /* OhMyBeatmaker.app */;
			productType = "com.apple.product-type.application";
		};
/* End PBXNativeTarget section */

/* Begin PBXProject section */
		D374802124DC1EA100D8EC43 /* Project object */ = {
			isa = PBXProject;
			attributes = {
				LastSwiftUpdateCheck = 1150;
				LastUpgradeCheck = 1150;
				ORGANIZATIONNAME = "김동현";
				TargetAttributes = {
					D374802824DC1EA100D8EC43 = {
						CreatedOnToolsVersion = 11.5;
					};
				};
			};
			buildConfigurationList = D374802424DC1EA100D8EC43 /* Build configuration list for PBXProject "OhMyBeatmaker" */;
			compatibilityVersion = "Xcode 9.3";
			developmentRegion = en;
			hasScannedForEncodings = 0;
			knownRegions = (
				en,
				Base,
			);
			mainGroup = D374802024DC1EA100D8EC43;
			productRefGroup = D374802A24DC1EA100D8EC43 /* Products */;
			projectDirPath = "";
			projectRoot = "";
			targets = (
				D374802824DC1EA100D8EC43 /* OhMyBeatmaker */,
			);
		};
/* End PBXProject section */

/* Begin PBXResourcesBuildPhase section */
		D374802724DC1EA100D8EC43 /* Resources */ = {
			isa = PBXResourcesBuildPhase;
			buildActionMask = 2147483647;
			files = (
				D374803924DC1EA400D8EC43 /* LaunchScreen.storyboard in Resources */,
				D374803624DC1EA400D8EC43 /* Assets.xcassets in Resources */,
			);
			runOnlyForDeploymentPostprocessing = 0;
		};
/* End PBXResourcesBuildPhase section */

/* Begin PBXSourcesBuildPhase section */
		D374802524DC1EA100D8EC43 /* Sources */ = {
			isa = PBXSourcesBuildPhase;
			buildActionMask = 2147483647;
			files = (
				D374804924DC287400D8EC43 /* Extension.swift in Sources */,
				D374803124DC1EA100D8EC43 /* MainViewController.swift in Sources */,
				D374805824DC430600D8EC43 /* EditView.swift in Sources */,
				D374804324DC234F00D8EC43 /* TopView.swift in Sources */,
				D374802D24DC1EA100D8EC43 /* AppDelegate.swift in Sources */,
				D374805324DC35AE00D8EC43 /* NewMusicCoverTableCell.swift in Sources */,
				D374805524DC365700D8EC43 /* CoverCollectionCell.swift in Sources */,
				D374805124DC32C800D8EC43 /* NewMusicTitleTableCell.swift in Sources */,
				D374804F24DC2DA600D8EC43 /* BannerCollectionCell.swift in Sources */,
				D374804624DC27E900D8EC43 /* Model.swift in Sources */,
				D374804C24DC2BDF00D8EC43 /* BannerTableCell.swift in Sources */,
			);
			runOnlyForDeploymentPostprocessing = 0;
		};
/* End PBXSourcesBuildPhase section */

/* Begin PBXVariantGroup section */
		D374803724DC1EA400D8EC43 /* LaunchScreen.storyboard */ = {
			isa = PBXVariantGroup;
			children = (
				D374803824DC1EA400D8EC43 /* Base */,
			);
			name = LaunchScreen.storyboard;
			sourceTree = "<group>";
		};
/* End PBXVariantGroup section */

/* Begin XCBuildConfiguration section */
		D374803B24DC1EA400D8EC43 /* Debug */ = {
			isa = XCBuildConfiguration;
			buildSettings = {
				ALWAYS_SEARCH_USER_PATHS = NO;
				CLANG_ANALYZER_NONNULL = YES;
				CLANG_ANALYZER_NUMBER_OBJECT_CONVERSION = YES_AGGRESSIVE;
				CLANG_CXX_LANGUAGE_STANDARD = "gnu++14";
				CLANG_CXX_LIBRARY = "libc++";
				CLANG_ENABLE_MODULES = YES;
				CLANG_ENABLE_OBJC_ARC = YES;
				CLANG_ENABLE_OBJC_WEAK = YES;
				CLANG_WARN_BLOCK_CAPTURE_AUTORELEASING = YES;
				CLANG_WARN_BOOL_CONVERSION = YES;
				CLANG_WARN_COMMA = YES;
				CLANG_WARN_CONSTANT_CONVERSION = YES;
				CLANG_WARN_DEPRECATED_OBJC_IMPLEMENTATIONS = YES;
				CLANG_WARN_DIRECT_OBJC_ISA_USAGE = YES_ERROR;
				CLANG_WARN_DOCUMENTATION_COMMENTS = YES;
				CLANG_WARN_EMPTY_BODY = YES;
				CLANG_WARN_ENUM_CONVERSION = YES;
				CLANG_WARN_INFINITE_RECURSION = YES;
				CLANG_WARN_INT_CONVERSION = YES;
				CLANG_WARN_NON_LITERAL_NULL_CONVERSION = YES;
				CLANG_WARN_OBJC_IMPLICIT_RETAIN_SELF = YES;
				CLANG_WARN_OBJC_LITERAL_CONVERSION = YES;
				CLANG_WARN_OBJC_ROOT_CLASS = YES_ERROR;
				CLANG_WARN_RANGE_LOOP_ANALYSIS = YES;
				CLANG_WARN_STRICT_PROTOTYPES = YES;
				CLANG_WARN_SUSPICIOUS_MOVE = YES;
				CLANG_WARN_UNGUARDED_AVAILABILITY = YES_AGGRESSIVE;
				CLANG_WARN_UNREACHABLE_CODE = YES;
				CLANG_WARN__DUPLICATE_METHOD_MATCH = YES;
				COPY_PHASE_STRIP = NO;
				DEBUG_INFORMATION_FORMAT = dwarf;
				ENABLE_STRICT_OBJC_MSGSEND = YES;
				ENABLE_TESTABILITY = YES;
				GCC_C_LANGUAGE_STANDARD = gnu11;
				GCC_DYNAMIC_NO_PIC = NO;
				GCC_NO_COMMON_BLOCKS = YES;
				GCC_OPTIMIZATION_LEVEL = 0;
				GCC_PREPROCESSOR_DEFINITIONS = (
					"DEBUG=1",
					"$(inherited)",
				);
				GCC_WARN_64_TO_32_BIT_CONVERSION = YES;
				GCC_WARN_ABOUT_RETURN_TYPE = YES_ERROR;
				GCC_WARN_UNDECLARED_SELECTOR = YES;
				GCC_WARN_UNINITIALIZED_AUTOS = YES_AGGRESSIVE;
				GCC_WARN_UNUSED_FUNCTION = YES;
				GCC_WARN_UNUSED_VARIABLE = YES;
				IPHONEOS_DEPLOYMENT_TARGET = 13.5;
				MTL_ENABLE_DEBUG_INFO = INCLUDE_SOURCE;
				MTL_FAST_MATH = YES;
				ONLY_ACTIVE_ARCH = YES;
				SDKROOT = iphoneos;
				SWIFT_ACTIVE_COMPILATION_CONDITIONS = DEBUG;
				SWIFT_OPTIMIZATION_LEVEL = "-Onone";
			};
			name = Debug;
		};
		D374803C24DC1EA400D8EC43 /* Release */ = {
			isa = XCBuildConfiguration;
			buildSettings = {
				ALWAYS_SEARCH_USER_PATHS = NO;
				CLANG_ANALYZER_NONNULL = YES;
				CLANG_ANALYZER_NUMBER_OBJECT_CONVERSION = YES_AGGRESSIVE;
				CLANG_CXX_LANGUAGE_STANDARD = "gnu++14";
				CLANG_CXX_LIBRARY = "libc++";
				CLANG_ENABLE_MODULES = YES;
				CLANG_ENABLE_OBJC_ARC = YES;
				CLANG_ENABLE_OBJC_WEAK = YES;
				CLANG_WARN_BLOCK_CAPTURE_AUTORELEASING = YES;
				CLANG_WARN_BOOL_CONVERSION = YES;
				CLANG_WARN_COMMA = YES;
				CLANG_WARN_CONSTANT_CONVERSION = YES;
				CLANG_WARN_DEPRECATED_OBJC_IMPLEMENTATIONS = YES;
				CLANG_WARN_DIRECT_OBJC_ISA_USAGE = YES_ERROR;
				CLANG_WARN_DOCUMENTATION_COMMENTS = YES;
				CLANG_WARN_EMPTY_BODY = YES;
				CLANG_WARN_ENUM_CONVERSION = YES;
				CLANG_WARN_INFINITE_RECURSION = YES;
				CLANG_WARN_INT_CONVERSION = YES;
				CLANG_WARN_NON_LITERAL_NULL_CONVERSION = YES;
				CLANG_WARN_OBJC_IMPLICIT_RETAIN_SELF = YES;
				CLANG_WARN_OBJC_LITERAL_CONVERSION = YES;
				CLANG_WARN_OBJC_ROOT_CLASS = YES_ERROR;
				CLANG_WARN_RANGE_LOOP_ANALYSIS = YES;
				CLANG_WARN_STRICT_PROTOTYPES = YES;
				CLANG_WARN_SUSPICIOUS_MOVE = YES;
				CLANG_WARN_UNGUARDED_AVAILABILITY = YES_AGGRESSIVE;
				CLANG_WARN_UNREACHABLE_CODE = YES;
				CLANG_WARN__DUPLICATE_METHOD_MATCH = YES;
				COPY_PHASE_STRIP = NO;
				DEBUG_INFORMATION_FORMAT = "dwarf-with-dsym";
				ENABLE_NS_ASSERTIONS = NO;
				ENABLE_STRICT_OBJC_MSGSEND = YES;
				GCC_C_LANGUAGE_STANDARD = gnu11;
				GCC_NO_COMMON_BLOCKS = YES;
				GCC_WARN_64_TO_32_BIT_CONVERSION = YES;
				GCC_WARN_ABOUT_RETURN_TYPE = YES_ERROR;
				GCC_WARN_UNDECLARED_SELECTOR = YES;
				GCC_WARN_UNINITIALIZED_AUTOS = YES_AGGRESSIVE;
				GCC_WARN_UNUSED_FUNCTION = YES;
				GCC_WARN_UNUSED_VARIABLE = YES;
				IPHONEOS_DEPLOYMENT_TARGET = 13.5;
				MTL_ENABLE_DEBUG_INFO = NO;
				MTL_FAST_MATH = YES;
				SDKROOT = iphoneos;
				SWIFT_COMPILATION_MODE = wholemodule;
				SWIFT_OPTIMIZATION_LEVEL = "-O";
				VALIDATE_PRODUCT = YES;
			};
			name = Release;
		};
		D374803E24DC1EA400D8EC43 /* Debug */ = {
			isa = XCBuildConfiguration;
			buildSettings = {
				ASSETCATALOG_COMPILER_APPICON_NAME = AppIcon;
				CODE_SIGN_STYLE = Automatic;
				DEVELOPMENT_TEAM = S8BG7546AB;
				INFOPLIST_FILE = OhMyBeatmaker/Info.plist;
				IPHONEOS_DEPLOYMENT_TARGET = 13.0;
				LD_RUNPATH_SEARCH_PATHS = (
					"$(inherited)",
					"@executable_path/Frameworks",
				);
				PRODUCT_BUNDLE_IDENTIFIER = kr.DevDDong.OhMyBeatmaker;
				PRODUCT_NAME = "$(TARGET_NAME)";
				SWIFT_VERSION = 5.0;
				TARGETED_DEVICE_FAMILY = "1,2";
			};
			name = Debug;
		};
		D374803F24DC1EA400D8EC43 /* Release */ = {
			isa = XCBuildConfiguration;
			buildSettings = {
				ASSETCATALOG_COMPILER_APPICON_NAME = AppIcon;
				CODE_SIGN_STYLE = Automatic;
				DEVELOPMENT_TEAM = S8BG7546AB;
				INFOPLIST_FILE = OhMyBeatmaker/Info.plist;
				IPHONEOS_DEPLOYMENT_TARGET = 13.0;
				LD_RUNPATH_SEARCH_PATHS = (
					"$(inherited)",
					"@executable_path/Frameworks",
				);
				PRODUCT_BUNDLE_IDENTIFIER = kr.DevDDong.OhMyBeatmaker;
				PRODUCT_NAME = "$(TARGET_NAME)";
				SWIFT_VERSION = 5.0;
				TARGETED_DEVICE_FAMILY = "1,2";
			};
			name = Release;
		};
/* End XCBuildConfiguration section */

/* Begin XCConfigurationList section */
		D374802424DC1EA100D8EC43 /* Build configuration list for PBXProject "OhMyBeatmaker" */ = {
			isa = XCConfigurationList;
			buildConfigurations = (
				D374803B24DC1EA400D8EC43 /* Debug */,
				D374803C24DC1EA400D8EC43 /* Release */,
			);
			defaultConfigurationIsVisible = 0;
			defaultConfigurationName = Release;
		};
		D374803D24DC1EA400D8EC43 /* Build configuration list for PBXNativeTarget "OhMyBeatmaker" */ = {
			isa = XCConfigurationList;
			buildConfigurations = (
				D374803E24DC1EA400D8EC43 /* Debug */,
				D374803F24DC1EA400D8EC43 /* Release */,
			);
			defaultConfigurationIsVisible = 0;
			defaultConfigurationName = Release;
		};
/* End XCConfigurationList section */
	};
	rootObject = D374802124DC1EA100D8EC43 /* Project object */;
}
