// !$*UTF8*$!
{
	archiveVersion = 1;
	classes = {
	};
	objectVersion = 51;
	objects = {

/* Begin PBXBuildFile section */
		8229E50A8F600A29FDE3182E /* Pods_OhMyBeatmaker.framework in Frameworks */ = {isa = PBXBuildFile; fileRef = 2CD684ED7C30B99842C04051 /* Pods_OhMyBeatmaker.framework */; };
		D374802D24DC1EA100D8EC43 /* AppDelegate.swift in Sources */ = {isa = PBXBuildFile; fileRef = D374802C24DC1EA100D8EC43 /* AppDelegate.swift */; };
		D374803124DC1EA100D8EC43 /* MainViewController.swift in Sources */ = {isa = PBXBuildFile; fileRef = D374803024DC1EA100D8EC43 /* MainViewController.swift */; };
		D374803624DC1EA400D8EC43 /* Assets.xcassets in Resources */ = {isa = PBXBuildFile; fileRef = D374803524DC1EA400D8EC43 /* Assets.xcassets */; };
		D374803924DC1EA400D8EC43 /* LaunchScreen.storyboard in Resources */ = {isa = PBXBuildFile; fileRef = D374803724DC1EA400D8EC43 /* LaunchScreen.storyboard */; };
		D374804324DC234F00D8EC43 /* TopView.swift in Sources */ = {isa = PBXBuildFile; fileRef = D374804224DC234F00D8EC43 /* TopView.swift */; };
		D374804624DC27E900D8EC43 /* Model.swift in Sources */ = {isa = PBXBuildFile; fileRef = D374804524DC27E900D8EC43 /* Model.swift */; };
		D374804924DC287400D8EC43 /* Extension.swift in Sources */ = {isa = PBXBuildFile; fileRef = D374804824DC287400D8EC43 /* Extension.swift */; };
		D374804C24DC2BDF00D8EC43 /* BannerTableCell.swift in Sources */ = {isa = PBXBuildFile; fileRef = D374804B24DC2BDF00D8EC43 /* BannerTableCell.swift */; };
		D374804F24DC2DA600D8EC43 /* BannerCollectionCell.swift in Sources */ = {isa = PBXBuildFile; fileRef = D374804E24DC2DA600D8EC43 /* BannerCollectionCell.swift */; };
		D374805124DC32C800D8EC43 /* NewMusicTitleTableCell.swift in Sources */ = {isa = PBXBuildFile; fileRef = D374805024DC32C800D8EC43 /* NewMusicTitleTableCell.swift */; };
		D374805324DC35AE00D8EC43 /* NewMusicCoverTableCell.swift in Sources */ = {isa = PBXBuildFile; fileRef = D374805224DC35AE00D8EC43 /* NewMusicCoverTableCell.swift */; };
		D374805524DC365700D8EC43 /* CoverCollectionCell.swift in Sources */ = {isa = PBXBuildFile; fileRef = D374805424DC365700D8EC43 /* CoverCollectionCell.swift */; };
		D374805824DC430600D8EC43 /* EditView.swift in Sources */ = {isa = PBXBuildFile; fileRef = D374805724DC430600D8EC43 /* EditView.swift */; };
		D374805B24DC46A900D8EC43 /* TopLoginPageViewController.swift in Sources */ = {isa = PBXBuildFile; fileRef = D374805A24DC46A900D8EC43 /* TopLoginPageViewController.swift */; };
		D374805D24DC46C900D8EC43 /* LoginViewController.swift in Sources */ = {isa = PBXBuildFile; fileRef = D374805C24DC46C900D8EC43 /* LoginViewController.swift */; };
		D374806024DC475100D8EC43 /* TopFirstVC.swift in Sources */ = {isa = PBXBuildFile; fileRef = D374805F24DC475100D8EC43 /* TopFirstVC.swift */; };
		D374806224DC475E00D8EC43 /* TopSecondVC.swift in Sources */ = {isa = PBXBuildFile; fileRef = D374806124DC475E00D8EC43 /* TopSecondVC.swift */; };
		D374806524DC4A6F00D8EC43 /* BottomLoginPageViewController.swift in Sources */ = {isa = PBXBuildFile; fileRef = D374806424DC4A6F00D8EC43 /* BottomLoginPageViewController.swift */; };
		D374806724DC4AAF00D8EC43 /* BottomFirstVC.swift in Sources */ = {isa = PBXBuildFile; fileRef = D374806624DC4AAF00D8EC43 /* BottomFirstVC.swift */; };
		D374806924DC4ABA00D8EC43 /* BottomSecondVC.swift in Sources */ = {isa = PBXBuildFile; fileRef = D374806824DC4ABA00D8EC43 /* BottomSecondVC.swift */; };
		D374806B24DC4BDD00D8EC43 /* GoogleService-Info.plist in Resources */ = {isa = PBXBuildFile; fileRef = D374806A24DC4BDD00D8EC43 /* GoogleService-Info.plist */; };
		D374806E24DC4E1F00D8EC43 /* IndicatorView.swift in Sources */ = {isa = PBXBuildFile; fileRef = D374806D24DC4E1F00D8EC43 /* IndicatorView.swift */; };
		D374807124DC502A00D8EC43 /* EmailTextField.swift in Sources */ = {isa = PBXBuildFile; fileRef = D374807024DC502A00D8EC43 /* EmailTextField.swift */; };
		D374807324DC512100D8EC43 /* PasswordTextField.swift in Sources */ = {isa = PBXBuildFile; fileRef = D374807224DC512100D8EC43 /* PasswordTextField.swift */; };
		D374807524DC519100D8EC43 /* LogButton.swift in Sources */ = {isa = PBXBuildFile; fileRef = D374807424DC519100D8EC43 /* LogButton.swift */; };
		D374807724DC52AC00D8EC43 /* BottomStackView.swift in Sources */ = {isa = PBXBuildFile; fileRef = D374807624DC52AC00D8EC43 /* BottomStackView.swift */; };
		D374807924DC538100D8EC43 /* NickNameTextField.swift in Sources */ = {isa = PBXBuildFile; fileRef = D374807824DC538100D8EC43 /* NickNameTextField.swift */; };
		D374807C24DC5EBB00D8EC43 /* WebService.swift in Sources */ = {isa = PBXBuildFile; fileRef = D374807B24DC5EBB00D8EC43 /* WebService.swift */; };
		D374807E24DC6A7E00D8EC43 /* EditTableHeaderView.swift in Sources */ = {isa = PBXBuildFile; fileRef = D374807D24DC6A7E00D8EC43 /* EditTableHeaderView.swift */; };
		D374808124DCF39000D8EC43 /* MyAccountViewController.swift in Sources */ = {isa = PBXBuildFile; fileRef = D374808024DCF39000D8EC43 /* MyAccountViewController.swift */; };
		D374808424DCF49900D8EC43 /* AppIntroViewController.swift in Sources */ = {isa = PBXBuildFile; fileRef = D374808324DCF49900D8EC43 /* AppIntroViewController.swift */; };
		D374808624DCF6A200D8EC43 /* FirebaseService.swift in Sources */ = {isa = PBXBuildFile; fileRef = D374808524DCF6A200D8EC43 /* FirebaseService.swift */; };
		D374808924DD183700D8EC43 /* LoginButton.swift in Sources */ = {isa = PBXBuildFile; fileRef = D374808824DD183700D8EC43 /* LoginButton.swift */; };
		D374808C24DD2CF500D8EC43 /* PlusPhotoButton.swift in Sources */ = {isa = PBXBuildFile; fileRef = D374808B24DD2CF500D8EC43 /* PlusPhotoButton.swift */; };
/* End PBXBuildFile section */

/* Begin PBXFileReference section */
		2CD684ED7C30B99842C04051 /* Pods_OhMyBeatmaker.framework */ = {isa = PBXFileReference; explicitFileType = wrapper.framework; includeInIndex = 0; path = Pods_OhMyBeatmaker.framework; sourceTree = BUILT_PRODUCTS_DIR; };
		36A939FEB25BC4DB98ADB9C5 /* Pods-OhMyBeatmaker.debug.xcconfig */ = {isa = PBXFileReference; includeInIndex = 1; lastKnownFileType = text.xcconfig; name = "Pods-OhMyBeatmaker.debug.xcconfig"; path = "Target Support Files/Pods-OhMyBeatmaker/Pods-OhMyBeatmaker.debug.xcconfig"; sourceTree = "<group>"; };
		C2ED898FED249AAFAA514225 /* Pods-OhMyBeatmaker.release.xcconfig */ = {isa = PBXFileReference; includeInIndex = 1; lastKnownFileType = text.xcconfig; name = "Pods-OhMyBeatmaker.release.xcconfig"; path = "Target Support Files/Pods-OhMyBeatmaker/Pods-OhMyBeatmaker.release.xcconfig"; sourceTree = "<group>"; };
		D374802924DC1EA100D8EC43 /* OhMyBeatmaker.app */ = {isa = PBXFileReference; explicitFileType = wrapper.application; includeInIndex = 0; path = OhMyBeatmaker.app; sourceTree = BUILT_PRODUCTS_DIR; };
		D374802C24DC1EA100D8EC43 /* AppDelegate.swift */ = {isa = PBXFileReference; lastKnownFileType = sourcecode.swift; path = AppDelegate.swift; sourceTree = "<group>"; };
		D374803024DC1EA100D8EC43 /* MainViewController.swift */ = {isa = PBXFileReference; lastKnownFileType = sourcecode.swift; path = MainViewController.swift; sourceTree = "<group>"; };
		D374803524DC1EA400D8EC43 /* Assets.xcassets */ = {isa = PBXFileReference; lastKnownFileType = folder.assetcatalog; path = Assets.xcassets; sourceTree = "<group>"; };
		D374803824DC1EA400D8EC43 /* Base */ = {isa = PBXFileReference; lastKnownFileType = file.storyboard; name = Base; path = Base.lproj/LaunchScreen.storyboard; sourceTree = "<group>"; };
		D374803A24DC1EA400D8EC43 /* Info.plist */ = {isa = PBXFileReference; lastKnownFileType = text.plist.xml; path = Info.plist; sourceTree = "<group>"; };
		D374804224DC234F00D8EC43 /* TopView.swift */ = {isa = PBXFileReference; lastKnownFileType = sourcecode.swift; path = TopView.swift; sourceTree = "<group>"; };
		D374804524DC27E900D8EC43 /* Model.swift */ = {isa = PBXFileReference; lastKnownFileType = sourcecode.swift; path = Model.swift; sourceTree = "<group>"; };
		D374804824DC287400D8EC43 /* Extension.swift */ = {isa = PBXFileReference; lastKnownFileType = sourcecode.swift; path = Extension.swift; sourceTree = "<group>"; };
		D374804B24DC2BDF00D8EC43 /* BannerTableCell.swift */ = {isa = PBXFileReference; lastKnownFileType = sourcecode.swift; path = BannerTableCell.swift; sourceTree = "<group>"; };
		D374804E24DC2DA600D8EC43 /* BannerCollectionCell.swift */ = {isa = PBXFileReference; lastKnownFileType = sourcecode.swift; path = BannerCollectionCell.swift; sourceTree = "<group>"; };
		D374805024DC32C800D8EC43 /* NewMusicTitleTableCell.swift */ = {isa = PBXFileReference; lastKnownFileType = sourcecode.swift; path = NewMusicTitleTableCell.swift; sourceTree = "<group>"; };
		D374805224DC35AE00D8EC43 /* NewMusicCoverTableCell.swift */ = {isa = PBXFileReference; lastKnownFileType = sourcecode.swift; path = NewMusicCoverTableCell.swift; sourceTree = "<group>"; };
		D374805424DC365700D8EC43 /* CoverCollectionCell.swift */ = {isa = PBXFileReference; lastKnownFileType = sourcecode.swift; path = CoverCollectionCell.swift; sourceTree = "<group>"; };
		D374805724DC430600D8EC43 /* EditView.swift */ = {isa = PBXFileReference; lastKnownFileType = sourcecode.swift; path = EditView.swift; sourceTree = "<group>"; };
		D374805A24DC46A900D8EC43 /* TopLoginPageViewController.swift */ = {isa = PBXFileReference; lastKnownFileType = sourcecode.swift; path = TopLoginPageViewController.swift; sourceTree = "<group>"; };
		D374805C24DC46C900D8EC43 /* LoginViewController.swift */ = {isa = PBXFileReference; lastKnownFileType = sourcecode.swift; path = LoginViewController.swift; sourceTree = "<group>"; };
		D374805F24DC475100D8EC43 /* TopFirstVC.swift */ = {isa = PBXFileReference; lastKnownFileType = sourcecode.swift; path = TopFirstVC.swift; sourceTree = "<group>"; };
		D374806124DC475E00D8EC43 /* TopSecondVC.swift */ = {isa = PBXFileReference; lastKnownFileType = sourcecode.swift; path = TopSecondVC.swift; sourceTree = "<group>"; };
		D374806424DC4A6F00D8EC43 /* BottomLoginPageViewController.swift */ = {isa = PBXFileReference; lastKnownFileType = sourcecode.swift; path = BottomLoginPageViewController.swift; sourceTree = "<group>"; };
		D374806624DC4AAF00D8EC43 /* BottomFirstVC.swift */ = {isa = PBXFileReference; lastKnownFileType = sourcecode.swift; path = BottomFirstVC.swift; sourceTree = "<group>"; };
		D374806824DC4ABA00D8EC43 /* BottomSecondVC.swift */ = {isa = PBXFileReference; lastKnownFileType = sourcecode.swift; path = BottomSecondVC.swift; sourceTree = "<group>"; };
		D374806A24DC4BDD00D8EC43 /* GoogleService-Info.plist */ = {isa = PBXFileReference; fileEncoding = 4; lastKnownFileType = text.plist.xml; path = "GoogleService-Info.plist"; sourceTree = "<group>"; };
		D374806D24DC4E1F00D8EC43 /* IndicatorView.swift */ = {isa = PBXFileReference; lastKnownFileType = sourcecode.swift; path = IndicatorView.swift; sourceTree = "<group>"; };
		D374807024DC502A00D8EC43 /* EmailTextField.swift */ = {isa = PBXFileReference; lastKnownFileType = sourcecode.swift; path = EmailTextField.swift; sourceTree = "<group>"; };
		D374807224DC512100D8EC43 /* PasswordTextField.swift */ = {isa = PBXFileReference; lastKnownFileType = sourcecode.swift; path = PasswordTextField.swift; sourceTree = "<group>"; };
		D374807424DC519100D8EC43 /* LogButton.swift */ = {isa = PBXFileReference; lastKnownFileType = sourcecode.swift; path = LogButton.swift; sourceTree = "<group>"; };
		D374807624DC52AC00D8EC43 /* BottomStackView.swift */ = {isa = PBXFileReference; lastKnownFileType = sourcecode.swift; path = BottomStackView.swift; sourceTree = "<group>"; };
		D374807824DC538100D8EC43 /* NickNameTextField.swift */ = {isa = PBXFileReference; lastKnownFileType = sourcecode.swift; path = NickNameTextField.swift; sourceTree = "<group>"; };
		D374807B24DC5EBB00D8EC43 /* WebService.swift */ = {isa = PBXFileReference; lastKnownFileType = sourcecode.swift; path = WebService.swift; sourceTree = "<group>"; };
		D374807D24DC6A7E00D8EC43 /* EditTableHeaderView.swift */ = {isa = PBXFileReference; lastKnownFileType = sourcecode.swift; path = EditTableHeaderView.swift; sourceTree = "<group>"; };
		D374808024DCF39000D8EC43 /* MyAccountViewController.swift */ = {isa = PBXFileReference; lastKnownFileType = sourcecode.swift; path = MyAccountViewController.swift; sourceTree = "<group>"; };
		D374808324DCF49900D8EC43 /* AppIntroViewController.swift */ = {isa = PBXFileReference; lastKnownFileType = sourcecode.swift; path = AppIntroViewController.swift; sourceTree = "<group>"; };
		D374808524DCF6A200D8EC43 /* FirebaseService.swift */ = {isa = PBXFileReference; lastKnownFileType = sourcecode.swift; path = FirebaseService.swift; sourceTree = "<group>"; };
		D374808824DD183700D8EC43 /* LoginButton.swift */ = {isa = PBXFileReference; lastKnownFileType = sourcecode.swift; path = LoginButton.swift; sourceTree = "<group>"; };
		D374808B24DD2CF500D8EC43 /* PlusPhotoButton.swift */ = {isa = PBXFileReference; lastKnownFileType = sourcecode.swift; path = PlusPhotoButton.swift; sourceTree = "<group>"; };
/* End PBXFileReference section */

/* Begin PBXFrameworksBuildPhase section */
		D374802624DC1EA100D8EC43 /* Frameworks */ = {
			isa = PBXFrameworksBuildPhase;
			buildActionMask = 2147483647;
			files = (
				8229E50A8F600A29FDE3182E /* Pods_OhMyBeatmaker.framework in Frameworks */,
			);
			runOnlyForDeploymentPostprocessing = 0;
		};
/* End PBXFrameworksBuildPhase section */

/* Begin PBXGroup section */
		2F6CAE1165D126F1D2440DCF /* Pods */ = {
			isa = PBXGroup;
			children = (
				36A939FEB25BC4DB98ADB9C5 /* Pods-OhMyBeatmaker.debug.xcconfig */,
				C2ED898FED249AAFAA514225 /* Pods-OhMyBeatmaker.release.xcconfig */,
			);
			path = Pods;
			sourceTree = "<group>";
		};
		97D8A98600CB4B1314F38027 /* Frameworks */ = {
			isa = PBXGroup;
			children = (
				2CD684ED7C30B99842C04051 /* Pods_OhMyBeatmaker.framework */,
			);
			name = Frameworks;
			sourceTree = "<group>";
		};
		D374802024DC1EA100D8EC43 = {
			isa = PBXGroup;
			children = (
				D374802B24DC1EA100D8EC43 /* OhMyBeatmaker */,
				D374802A24DC1EA100D8EC43 /* Products */,
				2F6CAE1165D126F1D2440DCF /* Pods */,
				97D8A98600CB4B1314F38027 /* Frameworks */,
			);
			sourceTree = "<group>";
		};
		D374802A24DC1EA100D8EC43 /* Products */ = {
			isa = PBXGroup;
			children = (
				D374802924DC1EA100D8EC43 /* OhMyBeatmaker.app */,
			);
			name = Products;
			sourceTree = "<group>";
		};
		D374802B24DC1EA100D8EC43 /* OhMyBeatmaker */ = {
			isa = PBXGroup;
			children = (
				D374802C24DC1EA100D8EC43 /* AppDelegate.swift */,
				D374806A24DC4BDD00D8EC43 /* GoogleService-Info.plist */,
				D374804724DC286C00D8EC43 /* Extension */,
				D374804424DC27E000D8EC43 /* Model */,
				D374805924DC468200D8EC43 /* LoginViewController */,
				D374804024DC221700D8EC43 /* MainViewController */,
				D374807F24DCF36F00D8EC43 /* MyAccountViewController */,
				D374808224DCF48600D8EC43 /* AppIntroViewController */,
				D374807A24DC5EAB00D8EC43 /* Service */,
				D374806C24DC4E0A00D8EC43 /* View */,
				D374803524DC1EA400D8EC43 /* Assets.xcassets */,
				D374803724DC1EA400D8EC43 /* LaunchScreen.storyboard */,
				D374803A24DC1EA400D8EC43 /* Info.plist */,
			);
			path = OhMyBeatmaker;
			sourceTree = "<group>";
		};
		D374804024DC221700D8EC43 /* MainViewController */ = {
			isa = PBXGroup;
			children = (
				D374803024DC1EA100D8EC43 /* MainViewController.swift */,
				D374804124DC234000D8EC43 /* View */,
				D374804A24DC2BAF00D8EC43 /* TableCell */,
				D374804D24DC2D8300D8EC43 /* CollectionCell */,
			);
			path = MainViewController;
			sourceTree = "<group>";
		};
		D374804124DC234000D8EC43 /* View */ = {
			isa = PBXGroup;
			children = (
				D374804224DC234F00D8EC43 /* TopView.swift */,
				D374807D24DC6A7E00D8EC43 /* EditTableHeaderView.swift */,
				D374805724DC430600D8EC43 /* EditView.swift */,
				D374808724DD181700D8EC43 /* LoginButton */,
			);
			path = View;
			sourceTree = "<group>";
		};
		D374804424DC27E000D8EC43 /* Model */ = {
			isa = PBXGroup;
			children = (
				D374804524DC27E900D8EC43 /* Model.swift */,
			);
			path = Model;
			sourceTree = "<group>";
		};
		D374804724DC286C00D8EC43 /* Extension */ = {
			isa = PBXGroup;
			children = (
				D374804824DC287400D8EC43 /* Extension.swift */,
			);
			path = Extension;
			sourceTree = "<group>";
		};
		D374804A24DC2BAF00D8EC43 /* TableCell */ = {
			isa = PBXGroup;
			children = (
				D374804B24DC2BDF00D8EC43 /* BannerTableCell.swift */,
				D374805024DC32C800D8EC43 /* NewMusicTitleTableCell.swift */,
				D374805224DC35AE00D8EC43 /* NewMusicCoverTableCell.swift */,
			);
			path = TableCell;
			sourceTree = "<group>";
		};
		D374804D24DC2D8300D8EC43 /* CollectionCell */ = {
			isa = PBXGroup;
			children = (
				D374804E24DC2DA600D8EC43 /* BannerCollectionCell.swift */,
				D374805424DC365700D8EC43 /* CoverCollectionCell.swift */,
			);
			path = CollectionCell;
			sourceTree = "<group>";
		};
		D374805924DC468200D8EC43 /* LoginViewController */ = {
			isa = PBXGroup;
			children = (
				D374805C24DC46C900D8EC43 /* LoginViewController.swift */,
				D374806F24DC501C00D8EC43 /* View */,
				D374805E24DC471800D8EC43 /* TopLoginPageViewController */,
				D374806324DC4A5900D8EC43 /* BottomLoginPageViewController */,
			);
			path = LoginViewController;
			sourceTree = "<group>";
		};
		D374805E24DC471800D8EC43 /* TopLoginPageViewController */ = {
			isa = PBXGroup;
			children = (
				D374805A24DC46A900D8EC43 /* TopLoginPageViewController.swift */,
				D374805F24DC475100D8EC43 /* TopFirstVC.swift */,
				D374806124DC475E00D8EC43 /* TopSecondVC.swift */,
			);
			path = TopLoginPageViewController;
			sourceTree = "<group>";
		};
		D374806324DC4A5900D8EC43 /* BottomLoginPageViewController */ = {
			isa = PBXGroup;
			children = (
				D374806424DC4A6F00D8EC43 /* BottomLoginPageViewController.swift */,
				D374806624DC4AAF00D8EC43 /* BottomFirstVC.swift */,
				D374806824DC4ABA00D8EC43 /* BottomSecondVC.swift */,
			);
			path = BottomLoginPageViewController;
			sourceTree = "<group>";
		};
		D374806C24DC4E0A00D8EC43 /* View */ = {
			isa = PBXGroup;
			children = (
				D374806D24DC4E1F00D8EC43 /* IndicatorView.swift */,
			);
			path = View;
			sourceTree = "<group>";
		};
		D374806F24DC501C00D8EC43 /* View */ = {
			isa = PBXGroup;
			children = (
				D374807024DC502A00D8EC43 /* EmailTextField.swift */,
				D374807224DC512100D8EC43 /* PasswordTextField.swift */,
				D374807824DC538100D8EC43 /* NickNameTextField.swift */,
				D374807424DC519100D8EC43 /* LogButton.swift */,
				D374807624DC52AC00D8EC43 /* BottomStackView.swift */,
			);
			path = View;
			sourceTree = "<group>";
		};
		D374807A24DC5EAB00D8EC43 /* Service */ = {
			isa = PBXGroup;
			children = (
				D374807B24DC5EBB00D8EC43 /* WebService.swift */,
				D374808524DCF6A200D8EC43 /* FirebaseService.swift */,
			);
			path = Service;
			sourceTree = "<group>";
		};
		D374807F24DCF36F00D8EC43 /* MyAccountViewController */ = {
			isa = PBXGroup;
			children = (
				D374808024DCF39000D8EC43 /* MyAccountViewController.swift */,
				D374808A24DD2CDD00D8EC43 /* View */,
			);
			path = MyAccountViewController;
			sourceTree = "<group>";
		};
		D374808224DCF48600D8EC43 /* AppIntroViewController */ = {
			isa = PBXGroup;
			children = (
				D374808324DCF49900D8EC43 /* AppIntroViewController.swift */,
			);
			path = AppIntroViewController;
			sourceTree = "<group>";
		};
		D374808724DD181700D8EC43 /* LoginButton */ = {
			isa = PBXGroup;
			children = (
				D374808824DD183700D8EC43 /* LoginButton.swift */,
			);
			path = LoginButton;
			sourceTree = "<group>";
		};
		D374808A24DD2CDD00D8EC43 /* View */ = {
			isa = PBXGroup;
			children = (
				D374808B24DD2CF500D8EC43 /* PlusPhotoButton.swift */,
			);
			path = View;
			sourceTree = "<group>";
		};
/* End PBXGroup section */

/* Begin PBXNativeTarget section */
		D374802824DC1EA100D8EC43 /* OhMyBeatmaker */ = {
			isa = PBXNativeTarget;
			buildConfigurationList = D374803D24DC1EA400D8EC43 /* Build configuration list for PBXNativeTarget "OhMyBeatmaker" */;
			buildPhases = (
				03CEF983543472AA02F256F8 /* [CP] Check Pods Manifest.lock */,
				D374802524DC1EA100D8EC43 /* Sources */,
				D374802624DC1EA100D8EC43 /* Frameworks */,
				D374802724DC1EA100D8EC43 /* Resources */,
				A1A3E79B20D89BE2256642FD /* [CP] Embed Pods Frameworks */,
			);
			buildRules = (
			);
			dependencies = (
			);
			name = OhMyBeatmaker;
			productName = OhMyBeatmaker;
			productReference = D374802924DC1EA100D8EC43 /* OhMyBeatmaker.app */;
			productType = "com.apple.product-type.application";
		};
/* End PBXNativeTarget section */

/* Begin PBXProject section */
		D374802124DC1EA100D8EC43 /* Project object */ = {
			isa = PBXProject;
			attributes = {
				LastSwiftUpdateCheck = 1150;
				LastUpgradeCheck = 1150;
				ORGANIZATIONNAME = "김동현";
				TargetAttributes = {
					D374802824DC1EA100D8EC43 = {
						CreatedOnToolsVersion = 11.5;
					};
				};
			};
			buildConfigurationList = D374802424DC1EA100D8EC43 /* Build configuration list for PBXProject "OhMyBeatmaker" */;
			compatibilityVersion = "Xcode 9.3";
			developmentRegion = en;
			hasScannedForEncodings = 0;
			knownRegions = (
				en,
				Base,
			);
			mainGroup = D374802024DC1EA100D8EC43;
			productRefGroup = D374802A24DC1EA100D8EC43 /* Products */;
			projectDirPath = "";
			projectRoot = "";
			targets = (
				D374802824DC1EA100D8EC43 /* OhMyBeatmaker */,
			);
		};
/* End PBXProject section */

/* Begin PBXResourcesBuildPhase section */
		D374802724DC1EA100D8EC43 /* Resources */ = {
			isa = PBXResourcesBuildPhase;
			buildActionMask = 2147483647;
			files = (
				D374803924DC1EA400D8EC43 /* LaunchScreen.storyboard in Resources */,
				D374803624DC1EA400D8EC43 /* Assets.xcassets in Resources */,
				D374806B24DC4BDD00D8EC43 /* GoogleService-Info.plist in Resources */,
			);
			runOnlyForDeploymentPostprocessing = 0;
		};
/* End PBXResourcesBuildPhase section */

/* Begin PBXShellScriptBuildPhase section */
		03CEF983543472AA02F256F8 /* [CP] Check Pods Manifest.lock */ = {
			isa = PBXShellScriptBuildPhase;
			buildActionMask = 2147483647;
			files = (
			);
			inputFileListPaths = (
			);
			inputPaths = (
				"${PODS_PODFILE_DIR_PATH}/Podfile.lock",
				"${PODS_ROOT}/Manifest.lock",
			);
			name = "[CP] Check Pods Manifest.lock";
			outputFileListPaths = (
			);
			outputPaths = (
				"$(DERIVED_FILE_DIR)/Pods-OhMyBeatmaker-checkManifestLockResult.txt",
			);
			runOnlyForDeploymentPostprocessing = 0;
			shellPath = /bin/sh;
			shellScript = "diff \"${PODS_PODFILE_DIR_PATH}/Podfile.lock\" \"${PODS_ROOT}/Manifest.lock\" > /dev/null\nif [ $? != 0 ] ; then\n    # print error to STDERR\n    echo \"error: The sandbox is not in sync with the Podfile.lock. Run 'pod install' or update your CocoaPods installation.\" >&2\n    exit 1\nfi\n# This output is used by Xcode 'outputs' to avoid re-running this script phase.\necho \"SUCCESS\" > \"${SCRIPT_OUTPUT_FILE_0}\"\n";
			showEnvVarsInLog = 0;
		};
		A1A3E79B20D89BE2256642FD /* [CP] Embed Pods Frameworks */ = {
			isa = PBXShellScriptBuildPhase;
			buildActionMask = 2147483647;
			files = (
			);
			inputFileListPaths = (
				"${PODS_ROOT}/Target Support Files/Pods-OhMyBeatmaker/Pods-OhMyBeatmaker-frameworks-${CONFIGURATION}-input-files.xcfilelist",
			);
			name = "[CP] Embed Pods Frameworks";
			outputFileListPaths = (
				"${PODS_ROOT}/Target Support Files/Pods-OhMyBeatmaker/Pods-OhMyBeatmaker-frameworks-${CONFIGURATION}-output-files.xcfilelist",
			);
			runOnlyForDeploymentPostprocessing = 0;
			shellPath = /bin/sh;
			shellScript = "\"${PODS_ROOT}/Target Support Files/Pods-OhMyBeatmaker/Pods-OhMyBeatmaker-frameworks.sh\"\n";
			showEnvVarsInLog = 0;
		};
/* End PBXShellScriptBuildPhase section */

/* Begin PBXSourcesBuildPhase section */
		D374802524DC1EA100D8EC43 /* Sources */ = {
			isa = PBXSourcesBuildPhase;
			buildActionMask = 2147483647;
			files = (
				D374804924DC287400D8EC43 /* Extension.swift in Sources */,
				D374807924DC538100D8EC43 /* NickNameTextField.swift in Sources */,
				D374806224DC475E00D8EC43 /* TopSecondVC.swift in Sources */,
				D374807324DC512100D8EC43 /* PasswordTextField.swift in Sources */,
				D374806724DC4AAF00D8EC43 /* BottomFirstVC.swift in Sources */,
				D374803124DC1EA100D8EC43 /* MainViewController.swift in Sources */,
				D374805824DC430600D8EC43 /* EditView.swift in Sources */,
				D374806024DC475100D8EC43 /* TopFirstVC.swift in Sources */,
				D374808124DCF39000D8EC43 /* MyAccountViewController.swift in Sources */,
				D374807E24DC6A7E00D8EC43 /* EditTableHeaderView.swift in Sources */,
				D374808C24DD2CF500D8EC43 /* PlusPhotoButton.swift in Sources */,
				D374807724DC52AC00D8EC43 /* BottomStackView.swift in Sources */,
				D374808424DCF49900D8EC43 /* AppIntroViewController.swift in Sources */,
				D374804324DC234F00D8EC43 /* TopView.swift in Sources */,
				D374806E24DC4E1F00D8EC43 /* IndicatorView.swift in Sources */,
				D374808624DCF6A200D8EC43 /* FirebaseService.swift in Sources */,
				D374802D24DC1EA100D8EC43 /* AppDelegate.swift in Sources */,
				D374805324DC35AE00D8EC43 /* NewMusicCoverTableCell.swift in Sources */,
				D374807C24DC5EBB00D8EC43 /* WebService.swift in Sources */,
				D374806524DC4A6F00D8EC43 /* BottomLoginPageViewController.swift in Sources */,
				D374805524DC365700D8EC43 /* CoverCollectionCell.swift in Sources */,
				D374807124DC502A00D8EC43 /* EmailTextField.swift in Sources */,
				D374805124DC32C800D8EC43 /* NewMusicTitleTableCell.swift in Sources */,
				D374804F24DC2DA600D8EC43 /* BannerCollectionCell.swift in Sources */,
				D374804624DC27E900D8EC43 /* Model.swift in Sources */,
				D374805B24DC46A900D8EC43 /* TopLoginPageViewController.swift in Sources */,
				D374808924DD183700D8EC43 /* LoginButton.swift in Sources */,
				D374807524DC519100D8EC43 /* LogButton.swift in Sources */,
				D374805D24DC46C900D8EC43 /* LoginViewController.swift in Sources */,
				D374804C24DC2BDF00D8EC43 /* BannerTableCell.swift in Sources */,
				D374806924DC4ABA00D8EC43 /* BottomSecondVC.swift in Sources */,
			);
			runOnlyForDeploymentPostprocessing = 0;
		};
/* End PBXSourcesBuildPhase section */

/* Begin PBXVariantGroup section */
		D374803724DC1EA400D8EC43 /* LaunchScreen.storyboard */ = {
			isa = PBXVariantGroup;
			children = (
				D374803824DC1EA400D8EC43 /* Base */,
			);
			name = LaunchScreen.storyboard;
			sourceTree = "<group>";
		};
/* End PBXVariantGroup section */

/* Begin XCBuildConfiguration section */
		D374803B24DC1EA400D8EC43 /* Debug */ = {
			isa = XCBuildConfiguration;
			buildSettings = {
				ALWAYS_SEARCH_USER_PATHS = NO;
				CLANG_ANALYZER_NONNULL = YES;
				CLANG_ANALYZER_NUMBER_OBJECT_CONVERSION = YES_AGGRESSIVE;
				CLANG_CXX_LANGUAGE_STANDARD = "gnu++14";
				CLANG_CXX_LIBRARY = "libc++";
				CLANG_ENABLE_MODULES = YES;
				CLANG_ENABLE_OBJC_ARC = YES;
				CLANG_ENABLE_OBJC_WEAK = YES;
				CLANG_WARN_BLOCK_CAPTURE_AUTORELEASING = YES;
				CLANG_WARN_BOOL_CONVERSION = YES;
				CLANG_WARN_COMMA = YES;
				CLANG_WARN_CONSTANT_CONVERSION = YES;
				CLANG_WARN_DEPRECATED_OBJC_IMPLEMENTATIONS = YES;
				CLANG_WARN_DIRECT_OBJC_ISA_USAGE = YES_ERROR;
				CLANG_WARN_DOCUMENTATION_COMMENTS = YES;
				CLANG_WARN_EMPTY_BODY = YES;
				CLANG_WARN_ENUM_CONVERSION = YES;
				CLANG_WARN_INFINITE_RECURSION = YES;
				CLANG_WARN_INT_CONVERSION = YES;
				CLANG_WARN_NON_LITERAL_NULL_CONVERSION = YES;
				CLANG_WARN_OBJC_IMPLICIT_RETAIN_SELF = YES;
				CLANG_WARN_OBJC_LITERAL_CONVERSION = YES;
				CLANG_WARN_OBJC_ROOT_CLASS = YES_ERROR;
				CLANG_WARN_RANGE_LOOP_ANALYSIS = YES;
				CLANG_WARN_STRICT_PROTOTYPES = YES;
				CLANG_WARN_SUSPICIOUS_MOVE = YES;
				CLANG_WARN_UNGUARDED_AVAILABILITY = YES_AGGRESSIVE;
				CLANG_WARN_UNREACHABLE_CODE = YES;
				CLANG_WARN__DUPLICATE_METHOD_MATCH = YES;
				COPY_PHASE_STRIP = NO;
				DEBUG_INFORMATION_FORMAT = dwarf;
				ENABLE_STRICT_OBJC_MSGSEND = YES;
				ENABLE_TESTABILITY = YES;
				GCC_C_LANGUAGE_STANDARD = gnu11;
				GCC_DYNAMIC_NO_PIC = NO;
				GCC_NO_COMMON_BLOCKS = YES;
				GCC_OPTIMIZATION_LEVEL = 0;
				GCC_PREPROCESSOR_DEFINITIONS = (
					"DEBUG=1",
					"$(inherited)",
				);
				GCC_WARN_64_TO_32_BIT_CONVERSION = YES;
				GCC_WARN_ABOUT_RETURN_TYPE = YES_ERROR;
				GCC_WARN_UNDECLARED_SELECTOR = YES;
				GCC_WARN_UNINITIALIZED_AUTOS = YES_AGGRESSIVE;
				GCC_WARN_UNUSED_FUNCTION = YES;
				GCC_WARN_UNUSED_VARIABLE = YES;
				IPHONEOS_DEPLOYMENT_TARGET = 13.5;
				MTL_ENABLE_DEBUG_INFO = INCLUDE_SOURCE;
				MTL_FAST_MATH = YES;
				ONLY_ACTIVE_ARCH = YES;
				SDKROOT = iphoneos;
				SWIFT_ACTIVE_COMPILATION_CONDITIONS = DEBUG;
				SWIFT_OPTIMIZATION_LEVEL = "-Onone";
			};
			name = Debug;
		};
		D374803C24DC1EA400D8EC43 /* Release */ = {
			isa = XCBuildConfiguration;
			buildSettings = {
				ALWAYS_SEARCH_USER_PATHS = NO;
				CLANG_ANALYZER_NONNULL = YES;
				CLANG_ANALYZER_NUMBER_OBJECT_CONVERSION = YES_AGGRESSIVE;
				CLANG_CXX_LANGUAGE_STANDARD = "gnu++14";
				CLANG_CXX_LIBRARY = "libc++";
				CLANG_ENABLE_MODULES = YES;
				CLANG_ENABLE_OBJC_ARC = YES;
				CLANG_ENABLE_OBJC_WEAK = YES;
				CLANG_WARN_BLOCK_CAPTURE_AUTORELEASING = YES;
				CLANG_WARN_BOOL_CONVERSION = YES;
				CLANG_WARN_COMMA = YES;
				CLANG_WARN_CONSTANT_CONVERSION = YES;
				CLANG_WARN_DEPRECATED_OBJC_IMPLEMENTATIONS = YES;
				CLANG_WARN_DIRECT_OBJC_ISA_USAGE = YES_ERROR;
				CLANG_WARN_DOCUMENTATION_COMMENTS = YES;
				CLANG_WARN_EMPTY_BODY = YES;
				CLANG_WARN_ENUM_CONVERSION = YES;
				CLANG_WARN_INFINITE_RECURSION = YES;
				CLANG_WARN_INT_CONVERSION = YES;
				CLANG_WARN_NON_LITERAL_NULL_CONVERSION = YES;
				CLANG_WARN_OBJC_IMPLICIT_RETAIN_SELF = YES;
				CLANG_WARN_OBJC_LITERAL_CONVERSION = YES;
				CLANG_WARN_OBJC_ROOT_CLASS = YES_ERROR;
				CLANG_WARN_RANGE_LOOP_ANALYSIS = YES;
				CLANG_WARN_STRICT_PROTOTYPES = YES;
				CLANG_WARN_SUSPICIOUS_MOVE = YES;
				CLANG_WARN_UNGUARDED_AVAILABILITY = YES_AGGRESSIVE;
				CLANG_WARN_UNREACHABLE_CODE = YES;
				CLANG_WARN__DUPLICATE_METHOD_MATCH = YES;
				COPY_PHASE_STRIP = NO;
				DEBUG_INFORMATION_FORMAT = "dwarf-with-dsym";
				ENABLE_NS_ASSERTIONS = NO;
				ENABLE_STRICT_OBJC_MSGSEND = YES;
				GCC_C_LANGUAGE_STANDARD = gnu11;
				GCC_NO_COMMON_BLOCKS = YES;
				GCC_WARN_64_TO_32_BIT_CONVERSION = YES;
				GCC_WARN_ABOUT_RETURN_TYPE = YES_ERROR;
				GCC_WARN_UNDECLARED_SELECTOR = YES;
				GCC_WARN_UNINITIALIZED_AUTOS = YES_AGGRESSIVE;
				GCC_WARN_UNUSED_FUNCTION = YES;
				GCC_WARN_UNUSED_VARIABLE = YES;
				IPHONEOS_DEPLOYMENT_TARGET = 13.5;
				MTL_ENABLE_DEBUG_INFO = NO;
				MTL_FAST_MATH = YES;
				SDKROOT = iphoneos;
				SWIFT_COMPILATION_MODE = wholemodule;
				SWIFT_OPTIMIZATION_LEVEL = "-O";
				VALIDATE_PRODUCT = YES;
			};
			name = Release;
		};
		D374803E24DC1EA400D8EC43 /* Debug */ = {
			isa = XCBuildConfiguration;
			baseConfigurationReference = 36A939FEB25BC4DB98ADB9C5 /* Pods-OhMyBeatmaker.debug.xcconfig */;
			buildSettings = {
				ASSETCATALOG_COMPILER_APPICON_NAME = AppIcon;
				CODE_SIGN_STYLE = Automatic;
				DEVELOPMENT_TEAM = S8BG7546AB;
				INFOPLIST_FILE = OhMyBeatmaker/Info.plist;
				IPHONEOS_DEPLOYMENT_TARGET = 13.0;
				LD_RUNPATH_SEARCH_PATHS = (
					"$(inherited)",
					"@executable_path/Frameworks",
				);
				PRODUCT_BUNDLE_IDENTIFIER = kr.DevDDong.OhMyBeatmaker;
				PRODUCT_NAME = "$(TARGET_NAME)";
				SWIFT_VERSION = 5.0;
				TARGETED_DEVICE_FAMILY = "1,2";
			};
			name = Debug;
		};
		D374803F24DC1EA400D8EC43 /* Release */ = {
			isa = XCBuildConfiguration;
			baseConfigurationReference = C2ED898FED249AAFAA514225 /* Pods-OhMyBeatmaker.release.xcconfig */;
			buildSettings = {
				ASSETCATALOG_COMPILER_APPICON_NAME = AppIcon;
				CODE_SIGN_STYLE = Automatic;
				DEVELOPMENT_TEAM = S8BG7546AB;
				INFOPLIST_FILE = OhMyBeatmaker/Info.plist;
				IPHONEOS_DEPLOYMENT_TARGET = 13.0;
				LD_RUNPATH_SEARCH_PATHS = (
					"$(inherited)",
					"@executable_path/Frameworks",
				);
				PRODUCT_BUNDLE_IDENTIFIER = kr.DevDDong.OhMyBeatmaker;
				PRODUCT_NAME = "$(TARGET_NAME)";
				SWIFT_VERSION = 5.0;
				TARGETED_DEVICE_FAMILY = "1,2";
			};
			name = Release;
		};
/* End XCBuildConfiguration section */

/* Begin XCConfigurationList section */
		D374802424DC1EA100D8EC43 /* Build configuration list for PBXProject "OhMyBeatmaker" */ = {
			isa = XCConfigurationList;
			buildConfigurations = (
				D374803B24DC1EA400D8EC43 /* Debug */,
				D374803C24DC1EA400D8EC43 /* Release */,
			);
			defaultConfigurationIsVisible = 0;
			defaultConfigurationName = Release;
		};
		D374803D24DC1EA400D8EC43 /* Build configuration list for PBXNativeTarget "OhMyBeatmaker" */ = {
			isa = XCConfigurationList;
			buildConfigurations = (
				D374803E24DC1EA400D8EC43 /* Debug */,
				D374803F24DC1EA400D8EC43 /* Release */,
			);
			defaultConfigurationIsVisible = 0;
			defaultConfigurationName = Release;
		};
/* End XCConfigurationList section */
	};
	rootObject = D374802124DC1EA100D8EC43 /* Project object */;
}
