// !$*UTF8*$!
{
	archiveVersion = 1;
	classes = {
	};
	objectVersion = 51;
	objects = {

/* Begin PBXBuildFile section */
		8229E50A8F600A29FDE3182E /* Pods_OhMyBeatmaker.framework in Frameworks */ = {isa = PBXBuildFile; fileRef = 2CD684ED7C30B99842C04051 /* Pods_OhMyBeatmaker.framework */; };
		D374802D24DC1EA100D8EC43 /* AppDelegate.swift in Sources */ = {isa = PBXBuildFile; fileRef = D374802C24DC1EA100D8EC43 /* AppDelegate.swift */; };
		D374803124DC1EA100D8EC43 /* MainViewController.swift in Sources */ = {isa = PBXBuildFile; fileRef = D374803024DC1EA100D8EC43 /* MainViewController.swift */; };
		D374803624DC1EA400D8EC43 /* Assets.xcassets in Resources */ = {isa = PBXBuildFile; fileRef = D374803524DC1EA400D8EC43 /* Assets.xcassets */; };
		D374803924DC1EA400D8EC43 /* LaunchScreen.storyboard in Resources */ = {isa = PBXBuildFile; fileRef = D374803724DC1EA400D8EC43 /* LaunchScreen.storyboard */; };
		D374804324DC234F00D8EC43 /* TopView.swift in Sources */ = {isa = PBXBuildFile; fileRef = D374804224DC234F00D8EC43 /* TopView.swift */; };
		D374804624DC27E900D8EC43 /* User.swift in Sources */ = {isa = PBXBuildFile; fileRef = D374804524DC27E900D8EC43 /* User.swift */; };
		D374804924DC287400D8EC43 /* AlertExtension.swift in Sources */ = {isa = PBXBuildFile; fileRef = D374804824DC287400D8EC43 /* AlertExtension.swift */; };
		D374804C24DC2BDF00D8EC43 /* BannerTableCell.swift in Sources */ = {isa = PBXBuildFile; fileRef = D374804B24DC2BDF00D8EC43 /* BannerTableCell.swift */; };
		D374804F24DC2DA600D8EC43 /* BannerCollectionCell.swift in Sources */ = {isa = PBXBuildFile; fileRef = D374804E24DC2DA600D8EC43 /* BannerCollectionCell.swift */; };
		D374805124DC32C800D8EC43 /* NewMusicTitleTableCell.swift in Sources */ = {isa = PBXBuildFile; fileRef = D374805024DC32C800D8EC43 /* NewMusicTitleTableCell.swift */; };
		D374805324DC35AE00D8EC43 /* NewMusicCoverTableCell.swift in Sources */ = {isa = PBXBuildFile; fileRef = D374805224DC35AE00D8EC43 /* NewMusicCoverTableCell.swift */; };
		D374805524DC365700D8EC43 /* CoverCollectionCell.swift in Sources */ = {isa = PBXBuildFile; fileRef = D374805424DC365700D8EC43 /* CoverCollectionCell.swift */; };
		D374805824DC430600D8EC43 /* EditView.swift in Sources */ = {isa = PBXBuildFile; fileRef = D374805724DC430600D8EC43 /* EditView.swift */; };
		D374805B24DC46A900D8EC43 /* TopLoginPageViewController.swift in Sources */ = {isa = PBXBuildFile; fileRef = D374805A24DC46A900D8EC43 /* TopLoginPageViewController.swift */; };
		D374805D24DC46C900D8EC43 /* LoginViewController.swift in Sources */ = {isa = PBXBuildFile; fileRef = D374805C24DC46C900D8EC43 /* LoginViewController.swift */; };
		D374806024DC475100D8EC43 /* TopFirstVC.swift in Sources */ = {isa = PBXBuildFile; fileRef = D374805F24DC475100D8EC43 /* TopFirstVC.swift */; };
		D374806224DC475E00D8EC43 /* TopSecondVC.swift in Sources */ = {isa = PBXBuildFile; fileRef = D374806124DC475E00D8EC43 /* TopSecondVC.swift */; };
		D374806524DC4A6F00D8EC43 /* BottomLoginPageViewController.swift in Sources */ = {isa = PBXBuildFile; fileRef = D374806424DC4A6F00D8EC43 /* BottomLoginPageViewController.swift */; };
		D374806724DC4AAF00D8EC43 /* BottomFirstVC.swift in Sources */ = {isa = PBXBuildFile; fileRef = D374806624DC4AAF00D8EC43 /* BottomFirstVC.swift */; };
		D374806924DC4ABA00D8EC43 /* BottomSecondVC.swift in Sources */ = {isa = PBXBuildFile; fileRef = D374806824DC4ABA00D8EC43 /* BottomSecondVC.swift */; };
		D374806B24DC4BDD00D8EC43 /* GoogleService-Info.plist in Resources */ = {isa = PBXBuildFile; fileRef = D374806A24DC4BDD00D8EC43 /* GoogleService-Info.plist */; };
		D374806E24DC4E1F00D8EC43 /* IndicatorView.swift in Sources */ = {isa = PBXBuildFile; fileRef = D374806D24DC4E1F00D8EC43 /* IndicatorView.swift */; };
		D374807124DC502A00D8EC43 /* EmailTextField.swift in Sources */ = {isa = PBXBuildFile; fileRef = D374807024DC502A00D8EC43 /* EmailTextField.swift */; };
		D374807324DC512100D8EC43 /* PasswordTextField.swift in Sources */ = {isa = PBXBuildFile; fileRef = D374807224DC512100D8EC43 /* PasswordTextField.swift */; };
		D374807524DC519100D8EC43 /* LogButton.swift in Sources */ = {isa = PBXBuildFile; fileRef = D374807424DC519100D8EC43 /* LogButton.swift */; };
		D374807724DC52AC00D8EC43 /* BottomStackView.swift in Sources */ = {isa = PBXBuildFile; fileRef = D374807624DC52AC00D8EC43 /* BottomStackView.swift */; };
		D374807924DC538100D8EC43 /* NickNameTextField.swift in Sources */ = {isa = PBXBuildFile; fileRef = D374807824DC538100D8EC43 /* NickNameTextField.swift */; };
		D374807C24DC5EBB00D8EC43 /* WebService.swift in Sources */ = {isa = PBXBuildFile; fileRef = D374807B24DC5EBB00D8EC43 /* WebService.swift */; };
		D374807E24DC6A7E00D8EC43 /* EditTableHeaderView.swift in Sources */ = {isa = PBXBuildFile; fileRef = D374807D24DC6A7E00D8EC43 /* EditTableHeaderView.swift */; };
		D374808124DCF39000D8EC43 /* MyAccountViewController.swift in Sources */ = {isa = PBXBuildFile; fileRef = D374808024DCF39000D8EC43 /* MyAccountViewController.swift */; };
		D374808424DCF49900D8EC43 /* AppIntroViewController.swift in Sources */ = {isa = PBXBuildFile; fileRef = D374808324DCF49900D8EC43 /* AppIntroViewController.swift */; };
		D374808624DCF6A200D8EC43 /* FirebaseService.swift in Sources */ = {isa = PBXBuildFile; fileRef = D374808524DCF6A200D8EC43 /* FirebaseService.swift */; };
		D374808924DD183700D8EC43 /* LoginButton.swift in Sources */ = {isa = PBXBuildFile; fileRef = D374808824DD183700D8EC43 /* LoginButton.swift */; };
		D374808C24DD2CF500D8EC43 /* PlusPhotoButton.swift in Sources */ = {isa = PBXBuildFile; fileRef = D374808B24DD2CF500D8EC43 /* PlusPhotoButton.swift */; };
		D374809324DD40F300D8EC43 /* Music.swift in Sources */ = {isa = PBXBuildFile; fileRef = D374809224DD40F300D8EC43 /* Music.swift */; };
		D374809624DD438200D8EC43 /* AddMusicViewController.swift in Sources */ = {isa = PBXBuildFile; fileRef = D374809524DD438200D8EC43 /* AddMusicViewController.swift */; };
		D374809924DD460500D8EC43 /* PlusCoverButton.swift in Sources */ = {isa = PBXBuildFile; fileRef = D374809824DD460500D8EC43 /* PlusCoverButton.swift */; };
		D374809B24DD466B00D8EC43 /* AddMusicButton.swift in Sources */ = {isa = PBXBuildFile; fileRef = D374809A24DD466B00D8EC43 /* AddMusicButton.swift */; };
		D374809E24DE907100D8EC43 /* PlayerViewController.swift in Sources */ = {isa = PBXBuildFile; fileRef = D374809D24DE907100D8EC43 /* PlayerViewController.swift */; };
		D37480A224DEC26700D8EC43 /* BottomButton.swift in Sources */ = {isa = PBXBuildFile; fileRef = D37480A124DEC26700D8EC43 /* BottomButton.swift */; };
		D37480A424DFBA9A00D8EC43 /* MusicListTitleTableCell.swift in Sources */ = {isa = PBXBuildFile; fileRef = D37480A324DFBA9A00D8EC43 /* MusicListTitleTableCell.swift */; };
		D37480A624DFBC4200D8EC43 /* MusicListTableCell.swift in Sources */ = {isa = PBXBuildFile; fileRef = D37480A524DFBC4200D8EC43 /* MusicListTableCell.swift */; };
		D37480A924DFBE1500D8EC43 /* PageViewController.swift in Sources */ = {isa = PBXBuildFile; fileRef = D37480A824DFBE1500D8EC43 /* PageViewController.swift */; };
		D37480AC24DFBE5600D8EC43 /* FirstVC.swift in Sources */ = {isa = PBXBuildFile; fileRef = D37480AB24DFBE5600D8EC43 /* FirstVC.swift */; };
		D37480AE24DFBE5C00D8EC43 /* SecondVC.swift in Sources */ = {isa = PBXBuildFile; fileRef = D37480AD24DFBE5C00D8EC43 /* SecondVC.swift */; };
		D37480B124DFC03500D8EC43 /* MusicTitleHeaderView.swift in Sources */ = {isa = PBXBuildFile; fileRef = D37480B024DFC03500D8EC43 /* MusicTitleHeaderView.swift */; };
		D37480B324DFC1BF00D8EC43 /* MusicListCell.swift in Sources */ = {isa = PBXBuildFile; fileRef = D37480B224DFC1BF00D8EC43 /* MusicListCell.swift */; };
		D37480BF24E0380000D8EC43 /* UserSearchTableViewController.swift in Sources */ = {isa = PBXBuildFile; fileRef = D37480BE24E0380000D8EC43 /* UserSearchTableViewController.swift */; };
		D37480C224E039AD00D8EC43 /* SearchTableCell.swift in Sources */ = {isa = PBXBuildFile; fileRef = D37480C124E039AD00D8EC43 /* SearchTableCell.swift */; };
		D37480C524E051E800D8EC43 /* UserProfileViewController.swift in Sources */ = {isa = PBXBuildFile; fileRef = D37480C424E051E800D8EC43 /* UserProfileViewController.swift */; };
		D37480C824E0C84D00D8EC43 /* MessagesTableViewController.swift in Sources */ = {isa = PBXBuildFile; fileRef = D37480C724E0C84D00D8EC43 /* MessagesTableViewController.swift */; };
		D37480CB24E0CC1F00D8EC43 /* MessagesTableCell.swift in Sources */ = {isa = PBXBuildFile; fileRef = D37480CA24E0CC1F00D8EC43 /* MessagesTableCell.swift */; };
		D37480CE24E0E3C900D8EC43 /* NewMessageViewController.swift in Sources */ = {isa = PBXBuildFile; fileRef = D37480CD24E0E3C900D8EC43 /* NewMessageViewController.swift */; };
		D37480D124E0E47E00D8EC43 /* NewMessageTableCell.swift in Sources */ = {isa = PBXBuildFile; fileRef = D37480D024E0E47E00D8EC43 /* NewMessageTableCell.swift */; };
		D37480D324E0EC0500D8EC43 /* Message.swift in Sources */ = {isa = PBXBuildFile; fileRef = D37480D224E0EC0500D8EC43 /* Message.swift */; };
		D37480D624E0EDA600D8EC43 /* ChatCollectionViewController.swift in Sources */ = {isa = PBXBuildFile; fileRef = D37480D524E0EDA600D8EC43 /* ChatCollectionViewController.swift */; };
		D37480D924E0EEC600D8EC43 /* ChatCollectionCell.swift in Sources */ = {isa = PBXBuildFile; fileRef = D37480D824E0EEC600D8EC43 /* ChatCollectionCell.swift */; };
		D3A3560624E18D430009700A /* CellIDExtension.swift in Sources */ = {isa = PBXBuildFile; fileRef = D3A3560524E18D430009700A /* CellIDExtension.swift */; };
		D3A3560824E18D610009700A /* KeyboardExtension.swift in Sources */ = {isa = PBXBuildFile; fileRef = D3A3560724E18D610009700A /* KeyboardExtension.swift */; };
/* End PBXBuildFile section */

/* Begin PBXFileReference section */
		2CD684ED7C30B99842C04051 /* Pods_OhMyBeatmaker.framework */ = {isa = PBXFileReference; explicitFileType = wrapper.framework; includeInIndex = 0; path = Pods_OhMyBeatmaker.framework; sourceTree = BUILT_PRODUCTS_DIR; };
		36A939FEB25BC4DB98ADB9C5 /* Pods-OhMyBeatmaker.debug.xcconfig */ = {isa = PBXFileReference; includeInIndex = 1; lastKnownFileType = text.xcconfig; name = "Pods-OhMyBeatmaker.debug.xcconfig"; path = "Target Support Files/Pods-OhMyBeatmaker/Pods-OhMyBeatmaker.debug.xcconfig"; sourceTree = "<group>"; };
		C2ED898FED249AAFAA514225 /* Pods-OhMyBeatmaker.release.xcconfig */ = {isa = PBXFileReference; includeInIndex = 1; lastKnownFileType = text.xcconfig; name = "Pods-OhMyBeatmaker.release.xcconfig"; path = "Target Support Files/Pods-OhMyBeatmaker/Pods-OhMyBeatmaker.release.xcconfig"; sourceTree = "<group>"; };
		D374802924DC1EA100D8EC43 /* OhMyBeatmaker.app */ = {isa = PBXFileReference; explicitFileType = wrapper.application; includeInIndex = 0; path = OhMyBeatmaker.app; sourceTree = BUILT_PRODUCTS_DIR; };
		D374802C24DC1EA100D8EC43 /* AppDelegate.swift */ = {isa = PBXFileReference; lastKnownFileType = sourcecode.swift; path = AppDelegate.swift; sourceTree = "<group>"; };
		D374803024DC1EA100D8EC43 /* MainViewController.swift */ = {isa = PBXFileReference; lastKnownFileType = sourcecode.swift; path = MainViewController.swift; sourceTree = "<group>"; };
		D374803524DC1EA400D8EC43 /* Assets.xcassets */ = {isa = PBXFileReference; lastKnownFileType = folder.assetcatalog; path = Assets.xcassets; sourceTree = "<group>"; };
		D374803824DC1EA400D8EC43 /* Base */ = {isa = PBXFileReference; lastKnownFileType = file.storyboard; name = Base; path = Base.lproj/LaunchScreen.storyboard; sourceTree = "<group>"; };
		D374803A24DC1EA400D8EC43 /* Info.plist */ = {isa = PBXFileReference; lastKnownFileType = text.plist.xml; path = Info.plist; sourceTree = "<group>"; };
		D374804224DC234F00D8EC43 /* TopView.swift */ = {isa = PBXFileReference; lastKnownFileType = sourcecode.swift; path = TopView.swift; sourceTree = "<group>"; };
		D374804524DC27E900D8EC43 /* User.swift */ = {isa = PBXFileReference; lastKnownFileType = sourcecode.swift; path = User.swift; sourceTree = "<group>"; };
		D374804824DC287400D8EC43 /* AlertExtension.swift */ = {isa = PBXFileReference; lastKnownFileType = sourcecode.swift; path = AlertExtension.swift; sourceTree = "<group>"; };
		D374804B24DC2BDF00D8EC43 /* BannerTableCell.swift */ = {isa = PBXFileReference; lastKnownFileType = sourcecode.swift; path = BannerTableCell.swift; sourceTree = "<group>"; };
		D374804E24DC2DA600D8EC43 /* BannerCollectionCell.swift */ = {isa = PBXFileReference; lastKnownFileType = sourcecode.swift; path = BannerCollectionCell.swift; sourceTree = "<group>"; };
		D374805024DC32C800D8EC43 /* NewMusicTitleTableCell.swift */ = {isa = PBXFileReference; lastKnownFileType = sourcecode.swift; path = NewMusicTitleTableCell.swift; sourceTree = "<group>"; };
		D374805224DC35AE00D8EC43 /* NewMusicCoverTableCell.swift */ = {isa = PBXFileReference; lastKnownFileType = sourcecode.swift; path = NewMusicCoverTableCell.swift; sourceTree = "<group>"; };
		D374805424DC365700D8EC43 /* CoverCollectionCell.swift */ = {isa = PBXFileReference; lastKnownFileType = sourcecode.swift; path = CoverCollectionCell.swift; sourceTree = "<group>"; };
		D374805724DC430600D8EC43 /* EditView.swift */ = {isa = PBXFileReference; lastKnownFileType = sourcecode.swift; path = EditView.swift; sourceTree = "<group>"; };
		D374805A24DC46A900D8EC43 /* TopLoginPageViewController.swift */ = {isa = PBXFileReference; lastKnownFileType = sourcecode.swift; path = TopLoginPageViewController.swift; sourceTree = "<group>"; };
		D374805C24DC46C900D8EC43 /* LoginViewController.swift */ = {isa = PBXFileReference; lastKnownFileType = sourcecode.swift; path = LoginViewController.swift; sourceTree = "<group>"; };
		D374805F24DC475100D8EC43 /* TopFirstVC.swift */ = {isa = PBXFileReference; lastKnownFileType = sourcecode.swift; path = TopFirstVC.swift; sourceTree = "<group>"; };
		D374806124DC475E00D8EC43 /* TopSecondVC.swift */ = {isa = PBXFileReference; lastKnownFileType = sourcecode.swift; path = TopSecondVC.swift; sourceTree = "<group>"; };
		D374806424DC4A6F00D8EC43 /* BottomLoginPageViewController.swift */ = {isa = PBXFileReference; lastKnownFileType = sourcecode.swift; path = BottomLoginPageViewController.swift; sourceTree = "<group>"; };
		D374806624DC4AAF00D8EC43 /* BottomFirstVC.swift */ = {isa = PBXFileReference; lastKnownFileType = sourcecode.swift; path = BottomFirstVC.swift; sourceTree = "<group>"; };
		D374806824DC4ABA00D8EC43 /* BottomSecondVC.swift */ = {isa = PBXFileReference; lastKnownFileType = sourcecode.swift; path = BottomSecondVC.swift; sourceTree = "<group>"; };
		D374806A24DC4BDD00D8EC43 /* GoogleService-Info.plist */ = {isa = PBXFileReference; fileEncoding = 4; lastKnownFileType = text.plist.xml; path = "GoogleService-Info.plist"; sourceTree = "<group>"; };
		D374806D24DC4E1F00D8EC43 /* IndicatorView.swift */ = {isa = PBXFileReference; lastKnownFileType = sourcecode.swift; path = IndicatorView.swift; sourceTree = "<group>"; };
		D374807024DC502A00D8EC43 /* EmailTextField.swift */ = {isa = PBXFileReference; lastKnownFileType = sourcecode.swift; path = EmailTextField.swift; sourceTree = "<group>"; };
		D374807224DC512100D8EC43 /* PasswordTextField.swift */ = {isa = PBXFileReference; lastKnownFileType = sourcecode.swift; path = PasswordTextField.swift; sourceTree = "<group>"; };
		D374807424DC519100D8EC43 /* LogButton.swift */ = {isa = PBXFileReference; lastKnownFileType = sourcecode.swift; path = LogButton.swift; sourceTree = "<group>"; };
		D374807624DC52AC00D8EC43 /* BottomStackView.swift */ = {isa = PBXFileReference; lastKnownFileType = sourcecode.swift; path = BottomStackView.swift; sourceTree = "<group>"; };
		D374807824DC538100D8EC43 /* NickNameTextField.swift */ = {isa = PBXFileReference; lastKnownFileType = sourcecode.swift; path = NickNameTextField.swift; sourceTree = "<group>"; };
		D374807B24DC5EBB00D8EC43 /* WebService.swift */ = {isa = PBXFileReference; lastKnownFileType = sourcecode.swift; path = WebService.swift; sourceTree = "<group>"; };
		D374807D24DC6A7E00D8EC43 /* EditTableHeaderView.swift */ = {isa = PBXFileReference; lastKnownFileType = sourcecode.swift; path = EditTableHeaderView.swift; sourceTree = "<group>"; };
		D374808024DCF39000D8EC43 /* MyAccountViewController.swift */ = {isa = PBXFileReference; lastKnownFileType = sourcecode.swift; path = MyAccountViewController.swift; sourceTree = "<group>"; };
		D374808324DCF49900D8EC43 /* AppIntroViewController.swift */ = {isa = PBXFileReference; lastKnownFileType = sourcecode.swift; path = AppIntroViewController.swift; sourceTree = "<group>"; };
		D374808524DCF6A200D8EC43 /* FirebaseService.swift */ = {isa = PBXFileReference; lastKnownFileType = sourcecode.swift; path = FirebaseService.swift; sourceTree = "<group>"; };
		D374808824DD183700D8EC43 /* LoginButton.swift */ = {isa = PBXFileReference; lastKnownFileType = sourcecode.swift; path = LoginButton.swift; sourceTree = "<group>"; };
		D374808B24DD2CF500D8EC43 /* PlusPhotoButton.swift */ = {isa = PBXFileReference; lastKnownFileType = sourcecode.swift; path = PlusPhotoButton.swift; sourceTree = "<group>"; };
		D374809224DD40F300D8EC43 /* Music.swift */ = {isa = PBXFileReference; lastKnownFileType = sourcecode.swift; path = Music.swift; sourceTree = "<group>"; };
		D374809524DD438200D8EC43 /* AddMusicViewController.swift */ = {isa = PBXFileReference; lastKnownFileType = sourcecode.swift; path = AddMusicViewController.swift; sourceTree = "<group>"; };
		D374809824DD460500D8EC43 /* PlusCoverButton.swift */ = {isa = PBXFileReference; lastKnownFileType = sourcecode.swift; path = PlusCoverButton.swift; sourceTree = "<group>"; };
		D374809A24DD466B00D8EC43 /* AddMusicButton.swift */ = {isa = PBXFileReference; lastKnownFileType = sourcecode.swift; path = AddMusicButton.swift; sourceTree = "<group>"; };
		D374809D24DE907100D8EC43 /* PlayerViewController.swift */ = {isa = PBXFileReference; lastKnownFileType = sourcecode.swift; path = PlayerViewController.swift; sourceTree = "<group>"; };
		D37480A124DEC26700D8EC43 /* BottomButton.swift */ = {isa = PBXFileReference; lastKnownFileType = sourcecode.swift; path = BottomButton.swift; sourceTree = "<group>"; };
		D37480A324DFBA9A00D8EC43 /* MusicListTitleTableCell.swift */ = {isa = PBXFileReference; lastKnownFileType = sourcecode.swift; path = MusicListTitleTableCell.swift; sourceTree = "<group>"; };
		D37480A524DFBC4200D8EC43 /* MusicListTableCell.swift */ = {isa = PBXFileReference; lastKnownFileType = sourcecode.swift; path = MusicListTableCell.swift; sourceTree = "<group>"; };
		D37480A824DFBE1500D8EC43 /* PageViewController.swift */ = {isa = PBXFileReference; lastKnownFileType = sourcecode.swift; path = PageViewController.swift; sourceTree = "<group>"; };
		D37480AB24DFBE5600D8EC43 /* FirstVC.swift */ = {isa = PBXFileReference; lastKnownFileType = sourcecode.swift; path = FirstVC.swift; sourceTree = "<group>"; };
		D37480AD24DFBE5C00D8EC43 /* SecondVC.swift */ = {isa = PBXFileReference; lastKnownFileType = sourcecode.swift; path = SecondVC.swift; sourceTree = "<group>"; };
		D37480B024DFC03500D8EC43 /* MusicTitleHeaderView.swift */ = {isa = PBXFileReference; lastKnownFileType = sourcecode.swift; path = MusicTitleHeaderView.swift; sourceTree = "<group>"; };
		D37480B224DFC1BF00D8EC43 /* MusicListCell.swift */ = {isa = PBXFileReference; lastKnownFileType = sourcecode.swift; path = MusicListCell.swift; sourceTree = "<group>"; };
		D37480BE24E0380000D8EC43 /* UserSearchTableViewController.swift */ = {isa = PBXFileReference; lastKnownFileType = sourcecode.swift; path = UserSearchTableViewController.swift; sourceTree = "<group>"; };
		D37480C124E039AD00D8EC43 /* SearchTableCell.swift */ = {isa = PBXFileReference; lastKnownFileType = sourcecode.swift; path = SearchTableCell.swift; sourceTree = "<group>"; };
		D37480C424E051E800D8EC43 /* UserProfileViewController.swift */ = {isa = PBXFileReference; lastKnownFileType = sourcecode.swift; path = UserProfileViewController.swift; sourceTree = "<group>"; };
		D37480C724E0C84D00D8EC43 /* MessagesTableViewController.swift */ = {isa = PBXFileReference; lastKnownFileType = sourcecode.swift; path = MessagesTableViewController.swift; sourceTree = "<group>"; };
		D37480CA24E0CC1F00D8EC43 /* MessagesTableCell.swift */ = {isa = PBXFileReference; lastKnownFileType = sourcecode.swift; path = MessagesTableCell.swift; sourceTree = "<group>"; };
		D37480CD24E0E3C900D8EC43 /* NewMessageViewController.swift */ = {isa = PBXFileReference; lastKnownFileType = sourcecode.swift; path = NewMessageViewController.swift; sourceTree = "<group>"; };
		D37480D024E0E47E00D8EC43 /* NewMessageTableCell.swift */ = {isa = PBXFileReference; lastKnownFileType = sourcecode.swift; path = NewMessageTableCell.swift; sourceTree = "<group>"; };
		D37480D224E0EC0500D8EC43 /* Message.swift */ = {isa = PBXFileReference; lastKnownFileType = sourcecode.swift; path = Message.swift; sourceTree = "<group>"; };
		D37480D524E0EDA600D8EC43 /* ChatCollectionViewController.swift */ = {isa = PBXFileReference; lastKnownFileType = sourcecode.swift; path = ChatCollectionViewController.swift; sourceTree = "<group>"; };
		D37480D824E0EEC600D8EC43 /* ChatCollectionCell.swift */ = {isa = PBXFileReference; lastKnownFileType = sourcecode.swift; path = ChatCollectionCell.swift; sourceTree = "<group>"; };
		D3A3560524E18D430009700A /* CellIDExtension.swift */ = {isa = PBXFileReference; lastKnownFileType = sourcecode.swift; path = CellIDExtension.swift; sourceTree = "<group>"; };
		D3A3560724E18D610009700A /* KeyboardExtension.swift */ = {isa = PBXFileReference; lastKnownFileType = sourcecode.swift; path = KeyboardExtension.swift; sourceTree = "<group>"; };
/* End PBXFileReference section */

/* Begin PBXFrameworksBuildPhase section */
		D374802624DC1EA100D8EC43 /* Frameworks */ = {
			isa = PBXFrameworksBuildPhase;
			buildActionMask = 2147483647;
			files = (
				8229E50A8F600A29FDE3182E /* Pods_OhMyBeatmaker.framework in Frameworks */,
			);
			runOnlyForDeploymentPostprocessing = 0;
		};
/* End PBXFrameworksBuildPhase section */

/* Begin PBXGroup section */
		2F6CAE1165D126F1D2440DCF /* Pods */ = {
			isa = PBXGroup;
			children = (
				36A939FEB25BC4DB98ADB9C5 /* Pods-OhMyBeatmaker.debug.xcconfig */,
				C2ED898FED249AAFAA514225 /* Pods-OhMyBeatmaker.release.xcconfig */,
			);
			path = Pods;
			sourceTree = "<group>";
		};
		97D8A98600CB4B1314F38027 /* Frameworks */ = {
			isa = PBXGroup;
			children = (
				2CD684ED7C30B99842C04051 /* Pods_OhMyBeatmaker.framework */,
			);
			name = Frameworks;
			sourceTree = "<group>";
		};
		D374802024DC1EA100D8EC43 = {
			isa = PBXGroup;
			children = (
				D374802B24DC1EA100D8EC43 /* OhMyBeatmaker */,
				D374802A24DC1EA100D8EC43 /* Products */,
				2F6CAE1165D126F1D2440DCF /* Pods */,
				97D8A98600CB4B1314F38027 /* Frameworks */,
			);
			sourceTree = "<group>";
		};
		D374802A24DC1EA100D8EC43 /* Products */ = {
			isa = PBXGroup;
			children = (
				D374802924DC1EA100D8EC43 /* OhMyBeatmaker.app */,
			);
			name = Products;
			sourceTree = "<group>";
		};
		D374802B24DC1EA100D8EC43 /* OhMyBeatmaker */ = {
			isa = PBXGroup;
			children = (
				D374802C24DC1EA100D8EC43 /* AppDelegate.swift */,
				D374807A24DC5EAB00D8EC43 /* Service */,
				D374804724DC286C00D8EC43 /* Extension */,
				D374804424DC27E000D8EC43 /* Model */,
				D374804124DC234000D8EC43 /* View */,
				D3A3560224E18D010009700A /* Cell */,
				D3A355FD24E18C7F0009700A /* ViewController */,
				D374806A24DC4BDD00D8EC43 /* GoogleService-Info.plist */,
				D374803524DC1EA400D8EC43 /* Assets.xcassets */,
				D374803724DC1EA400D8EC43 /* LaunchScreen.storyboard */,
				D374803A24DC1EA400D8EC43 /* Info.plist */,
			);
			path = OhMyBeatmaker;
			sourceTree = "<group>";
		};
		D374804124DC234000D8EC43 /* View */ = {
			isa = PBXGroup;
			children = (
				D374804224DC234F00D8EC43 /* TopView.swift */,
				D374807D24DC6A7E00D8EC43 /* EditTableHeaderView.swift */,
				D374805724DC430600D8EC43 /* EditView.swift */,
				D37480A124DEC26700D8EC43 /* BottomButton.swift */,
				D374808824DD183700D8EC43 /* LoginButton.swift */,
				D374807624DC52AC00D8EC43 /* BottomStackView.swift */,
				D374807024DC502A00D8EC43 /* EmailTextField.swift */,
				D374807224DC512100D8EC43 /* PasswordTextField.swift */,
				D374807824DC538100D8EC43 /* NickNameTextField.swift */,
				D374807424DC519100D8EC43 /* LogButton.swift */,
				D37480B024DFC03500D8EC43 /* MusicTitleHeaderView.swift */,
				D374808B24DD2CF500D8EC43 /* PlusPhotoButton.swift */,
				D374809824DD460500D8EC43 /* PlusCoverButton.swift */,
				D374809A24DD466B00D8EC43 /* AddMusicButton.swift */,
				D374806D24DC4E1F00D8EC43 /* IndicatorView.swift */,
			);
			name = View;
			path = MainViewController/View;
			sourceTree = "<group>";
		};
		D374804424DC27E000D8EC43 /* Model */ = {
			isa = PBXGroup;
			children = (
				D374804524DC27E900D8EC43 /* User.swift */,
				D374809224DD40F300D8EC43 /* Music.swift */,
				D37480D224E0EC0500D8EC43 /* Message.swift */,
			);
			path = Model;
			sourceTree = "<group>";
		};
		D374804724DC286C00D8EC43 /* Extension */ = {
			isa = PBXGroup;
			children = (
				D3A3560524E18D430009700A /* CellIDExtension.swift */,
				D374804824DC287400D8EC43 /* AlertExtension.swift */,
				D3A3560724E18D610009700A /* KeyboardExtension.swift */,
			);
			path = Extension;
			sourceTree = "<group>";
		};
		D374807A24DC5EAB00D8EC43 /* Service */ = {
			isa = PBXGroup;
			children = (
				D374807B24DC5EBB00D8EC43 /* WebService.swift */,
				D374808524DCF6A200D8EC43 /* FirebaseService.swift */,
			);
			path = Service;
			sourceTree = "<group>";
		};
		D374807F24DCF36F00D8EC43 /* MyAccount */ = {
			isa = PBXGroup;
			children = (
				D374808024DCF39000D8EC43 /* MyAccountViewController.swift */,
			);
			path = MyAccount;
			sourceTree = "<group>";
		};
		D374808224DCF48600D8EC43 /* AppIntro */ = {
			isa = PBXGroup;
			children = (
				D374808324DCF49900D8EC43 /* AppIntroViewController.swift */,
			);
			path = AppIntro;
			sourceTree = "<group>";
		};
		D374809424DD437500D8EC43 /* AddMusic */ = {
			isa = PBXGroup;
			children = (
				D374809524DD438200D8EC43 /* AddMusicViewController.swift */,
			);
			path = AddMusic;
			sourceTree = "<group>";
		};
		D374809C24DE905D00D8EC43 /* Player */ = {
			isa = PBXGroup;
			children = (
				D374809D24DE907100D8EC43 /* PlayerViewController.swift */,
			);
			path = Player;
			sourceTree = "<group>";
		};
		D37480A724DFBDE800D8EC43 /* ChartPage */ = {
			isa = PBXGroup;
			children = (
				D37480A824DFBE1500D8EC43 /* PageViewController.swift */,
				D3A3560B24E18E8F0009700A /* Left */,
				D3A3560C24E18E940009700A /* Rigth */,
			);
			path = ChartPage;
			sourceTree = "<group>";
		};
		D37480BD24E037D000D8EC43 /* Search */ = {
			isa = PBXGroup;
			children = (
				D37480BE24E0380000D8EC43 /* UserSearchTableViewController.swift */,
			);
			path = Search;
			sourceTree = "<group>";
		};
		D37480C624E0C82200D8EC43 /* MessagesViewController */ = {
			isa = PBXGroup;
			children = (
				D37480C724E0C84D00D8EC43 /* MessagesTableViewController.swift */,
				D37480C924E0CBF900D8EC43 /* TableCell */,
			);
			path = MessagesViewController;
			sourceTree = "<group>";
		};
		D37480C924E0CBF900D8EC43 /* TableCell */ = {
			isa = PBXGroup;
			children = (
				D37480CA24E0CC1F00D8EC43 /* MessagesTableCell.swift */,
			);
			path = TableCell;
			sourceTree = "<group>";
		};
		D37480CC24E0E3B700D8EC43 /* NewMessageViewController */ = {
			isa = PBXGroup;
			children = (
				D37480CD24E0E3C900D8EC43 /* NewMessageViewController.swift */,
				D37480CF24E0E47200D8EC43 /* TableCell */,
			);
			path = NewMessageViewController;
			sourceTree = "<group>";
		};
		D37480CF24E0E47200D8EC43 /* TableCell */ = {
			isa = PBXGroup;
			children = (
				D37480D024E0E47E00D8EC43 /* NewMessageTableCell.swift */,
			);
			path = TableCell;
			sourceTree = "<group>";
		};
		D37480D424E0ED8D00D8EC43 /* ChatCollectionViewController */ = {
			isa = PBXGroup;
			children = (
				D37480D524E0EDA600D8EC43 /* ChatCollectionViewController.swift */,
			);
			path = ChatCollectionViewController;
			sourceTree = "<group>";
		};
		D3A355FD24E18C7F0009700A /* ViewController */ = {
			isa = PBXGroup;
			children = (
				D3A355FF24E18C940009700A /* Login */,
				D3A355FE24E18C890009700A /* Main */,
				D374807F24DCF36F00D8EC43 /* MyAccount */,
				D374809424DD437500D8EC43 /* AddMusic */,
				D3A3560A24E18DF90009700A /* Profile */,
				D37480BD24E037D000D8EC43 /* Search */,
				D37480C624E0C82200D8EC43 /* MessagesViewController */,
				D37480D424E0ED8D00D8EC43 /* ChatCollectionViewController */,
				D37480CC24E0E3B700D8EC43 /* NewMessageViewController */,
				D37480A724DFBDE800D8EC43 /* ChartPage */,
				D374809C24DE905D00D8EC43 /* Player */,
				D374808224DCF48600D8EC43 /* AppIntro */,
			);
			path = ViewController;
			sourceTree = "<group>";
		};
		D3A355FE24E18C890009700A /* Main */ = {
			isa = PBXGroup;
			children = (
				D374803024DC1EA100D8EC43 /* MainViewController.swift */,
			);
			path = Main;
			sourceTree = "<group>";
		};
		D3A355FF24E18C940009700A /* Login */ = {
			isa = PBXGroup;
			children = (
				D374805C24DC46C900D8EC43 /* LoginViewController.swift */,
				D3A3560024E18CB00009700A /* Top */,
				D3A3560124E18CB30009700A /* Bottom */,
			);
			path = Login;
			sourceTree = "<group>";
		};
		D3A3560024E18CB00009700A /* Top */ = {
			isa = PBXGroup;
			children = (
				D374805A24DC46A900D8EC43 /* TopLoginPageViewController.swift */,
				D374805F24DC475100D8EC43 /* TopFirstVC.swift */,
				D374806124DC475E00D8EC43 /* TopSecondVC.swift */,
			);
			path = Top;
			sourceTree = "<group>";
		};
		D3A3560124E18CB30009700A /* Bottom */ = {
			isa = PBXGroup;
			children = (
				D374806424DC4A6F00D8EC43 /* BottomLoginPageViewController.swift */,
				D374806624DC4AAF00D8EC43 /* BottomFirstVC.swift */,
				D374806824DC4ABA00D8EC43 /* BottomSecondVC.swift */,
			);
			path = Bottom;
			sourceTree = "<group>";
		};
		D3A3560224E18D010009700A /* Cell */ = {
			isa = PBXGroup;
			children = (
				D3A3560324E18D040009700A /* TableCell */,
				D3A3560424E18D080009700A /* CollectionCell */,
			);
			path = Cell;
			sourceTree = "<group>";
		};
		D3A3560324E18D040009700A /* TableCell */ = {
			isa = PBXGroup;
			children = (
				D374804B24DC2BDF00D8EC43 /* BannerTableCell.swift */,
				D374805024DC32C800D8EC43 /* NewMusicTitleTableCell.swift */,
				D374805224DC35AE00D8EC43 /* NewMusicCoverTableCell.swift */,
				D37480A324DFBA9A00D8EC43 /* MusicListTitleTableCell.swift */,
				D37480A524DFBC4200D8EC43 /* MusicListTableCell.swift */,
				D37480C124E039AD00D8EC43 /* SearchTableCell.swift */,
				D37480B224DFC1BF00D8EC43 /* MusicListCell.swift */,
			);
			path = TableCell;
			sourceTree = "<group>";
		};
		D3A3560424E18D080009700A /* CollectionCell */ = {
			isa = PBXGroup;
			children = (
				D374804E24DC2DA600D8EC43 /* BannerCollectionCell.swift */,
				D374805424DC365700D8EC43 /* CoverCollectionCell.swift */,
				D37480D824E0EEC600D8EC43 /* ChatCollectionCell.swift */,
			);
			path = CollectionCell;
			sourceTree = "<group>";
		};
		D3A3560A24E18DF90009700A /* Profile */ = {
			isa = PBXGroup;
			children = (
				D37480C424E051E800D8EC43 /* UserProfileViewController.swift */,
			);
			path = Profile;
			sourceTree = "<group>";
		};
		D3A3560B24E18E8F0009700A /* Left */ = {
			isa = PBXGroup;
			children = (
				D37480AB24DFBE5600D8EC43 /* FirstVC.swift */,
			);
			path = Left;
			sourceTree = "<group>";
		};
		D3A3560C24E18E940009700A /* Rigth */ = {
			isa = PBXGroup;
			children = (
				D37480AD24DFBE5C00D8EC43 /* SecondVC.swift */,
			);
			path = Rigth;
			sourceTree = "<group>";
		};
/* End PBXGroup section */

/* Begin PBXNativeTarget section */
		D374802824DC1EA100D8EC43 /* OhMyBeatmaker */ = {
			isa = PBXNativeTarget;
			buildConfigurationList = D374803D24DC1EA400D8EC43 /* Build configuration list for PBXNativeTarget "OhMyBeatmaker" */;
			buildPhases = (
				03CEF983543472AA02F256F8 /* [CP] Check Pods Manifest.lock */,
				D374802524DC1EA100D8EC43 /* Sources */,
				D374802624DC1EA100D8EC43 /* Frameworks */,
				D374802724DC1EA100D8EC43 /* Resources */,
				A1A3E79B20D89BE2256642FD /* [CP] Embed Pods Frameworks */,
			);
			buildRules = (
			);
			dependencies = (
			);
			name = OhMyBeatmaker;
			productName = OhMyBeatmaker;
			productReference = D374802924DC1EA100D8EC43 /* OhMyBeatmaker.app */;
			productType = "com.apple.product-type.application";
		};
/* End PBXNativeTarget section */

/* Begin PBXProject section */
		D374802124DC1EA100D8EC43 /* Project object */ = {
			isa = PBXProject;
			attributes = {
				LastSwiftUpdateCheck = 1150;
				LastUpgradeCheck = 1150;
				ORGANIZATIONNAME = "김동현";
				TargetAttributes = {
					D374802824DC1EA100D8EC43 = {
						CreatedOnToolsVersion = 11.5;
					};
				};
			};
			buildConfigurationList = D374802424DC1EA100D8EC43 /* Build configuration list for PBXProject "OhMyBeatmaker" */;
			compatibilityVersion = "Xcode 9.3";
			developmentRegion = en;
			hasScannedForEncodings = 0;
			knownRegions = (
				en,
				Base,
			);
			mainGroup = D374802024DC1EA100D8EC43;
			productRefGroup = D374802A24DC1EA100D8EC43 /* Products */;
			projectDirPath = "";
			projectRoot = "";
			targets = (
				D374802824DC1EA100D8EC43 /* OhMyBeatmaker */,
			);
		};
/* End PBXProject section */

/* Begin PBXResourcesBuildPhase section */
		D374802724DC1EA100D8EC43 /* Resources */ = {
			isa = PBXResourcesBuildPhase;
			buildActionMask = 2147483647;
			files = (
				D374803924DC1EA400D8EC43 /* LaunchScreen.storyboard in Resources */,
				D374803624DC1EA400D8EC43 /* Assets.xcassets in Resources */,
				D374806B24DC4BDD00D8EC43 /* GoogleService-Info.plist in Resources */,
			);
			runOnlyForDeploymentPostprocessing = 0;
		};
/* End PBXResourcesBuildPhase section */

/* Begin PBXShellScriptBuildPhase section */
		03CEF983543472AA02F256F8 /* [CP] Check Pods Manifest.lock */ = {
			isa = PBXShellScriptBuildPhase;
			buildActionMask = 2147483647;
			files = (
			);
			inputFileListPaths = (
			);
			inputPaths = (
				"${PODS_PODFILE_DIR_PATH}/Podfile.lock",
				"${PODS_ROOT}/Manifest.lock",
			);
			name = "[CP] Check Pods Manifest.lock";
			outputFileListPaths = (
			);
			outputPaths = (
				"$(DERIVED_FILE_DIR)/Pods-OhMyBeatmaker-checkManifestLockResult.txt",
			);
			runOnlyForDeploymentPostprocessing = 0;
			shellPath = /bin/sh;
			shellScript = "diff \"${PODS_PODFILE_DIR_PATH}/Podfile.lock\" \"${PODS_ROOT}/Manifest.lock\" > /dev/null\nif [ $? != 0 ] ; then\n    # print error to STDERR\n    echo \"error: The sandbox is not in sync with the Podfile.lock. Run 'pod install' or update your CocoaPods installation.\" >&2\n    exit 1\nfi\n# This output is used by Xcode 'outputs' to avoid re-running this script phase.\necho \"SUCCESS\" > \"${SCRIPT_OUTPUT_FILE_0}\"\n";
			showEnvVarsInLog = 0;
		};
		A1A3E79B20D89BE2256642FD /* [CP] Embed Pods Frameworks */ = {
			isa = PBXShellScriptBuildPhase;
			buildActionMask = 2147483647;
			files = (
			);
			inputFileListPaths = (
				"${PODS_ROOT}/Target Support Files/Pods-OhMyBeatmaker/Pods-OhMyBeatmaker-frameworks-${CONFIGURATION}-input-files.xcfilelist",
			);
			name = "[CP] Embed Pods Frameworks";
			outputFileListPaths = (
				"${PODS_ROOT}/Target Support Files/Pods-OhMyBeatmaker/Pods-OhMyBeatmaker-frameworks-${CONFIGURATION}-output-files.xcfilelist",
			);
			runOnlyForDeploymentPostprocessing = 0;
			shellPath = /bin/sh;
			shellScript = "\"${PODS_ROOT}/Target Support Files/Pods-OhMyBeatmaker/Pods-OhMyBeatmaker-frameworks.sh\"\n";
			showEnvVarsInLog = 0;
		};
/* End PBXShellScriptBuildPhase section */

/* Begin PBXSourcesBuildPhase section */
		D374802524DC1EA100D8EC43 /* Sources */ = {
			isa = PBXSourcesBuildPhase;
			buildActionMask = 2147483647;
			files = (
				D37480B324DFC1BF00D8EC43 /* MusicListCell.swift in Sources */,
				D374804924DC287400D8EC43 /* AlertExtension.swift in Sources */,
				D374809624DD438200D8EC43 /* AddMusicViewController.swift in Sources */,
				D374807924DC538100D8EC43 /* NickNameTextField.swift in Sources */,
				D374806224DC475E00D8EC43 /* TopSecondVC.swift in Sources */,
				D374807324DC512100D8EC43 /* PasswordTextField.swift in Sources */,
				D374809E24DE907100D8EC43 /* PlayerViewController.swift in Sources */,
				D374806724DC4AAF00D8EC43 /* BottomFirstVC.swift in Sources */,
				D3A3560824E18D610009700A /* KeyboardExtension.swift in Sources */,
				D37480B124DFC03500D8EC43 /* MusicTitleHeaderView.swift in Sources */,
				D37480D324E0EC0500D8EC43 /* Message.swift in Sources */,
				D374803124DC1EA100D8EC43 /* MainViewController.swift in Sources */,
				D37480BF24E0380000D8EC43 /* UserSearchTableViewController.swift in Sources */,
				D374805824DC430600D8EC43 /* EditView.swift in Sources */,
				D37480D624E0EDA600D8EC43 /* ChatCollectionViewController.swift in Sources */,
				D374806024DC475100D8EC43 /* TopFirstVC.swift in Sources */,
				D374808124DCF39000D8EC43 /* MyAccountViewController.swift in Sources */,
				D374807E24DC6A7E00D8EC43 /* EditTableHeaderView.swift in Sources */,
				D37480A224DEC26700D8EC43 /* BottomButton.swift in Sources */,
				D37480AC24DFBE5600D8EC43 /* FirstVC.swift in Sources */,
				D37480CE24E0E3C900D8EC43 /* NewMessageViewController.swift in Sources */,
				D374808C24DD2CF500D8EC43 /* PlusPhotoButton.swift in Sources */,
				D374807724DC52AC00D8EC43 /* BottomStackView.swift in Sources */,
				D37480AE24DFBE5C00D8EC43 /* SecondVC.swift in Sources */,
				D374808424DCF49900D8EC43 /* AppIntroViewController.swift in Sources */,
				D374804324DC234F00D8EC43 /* TopView.swift in Sources */,
				D374806E24DC4E1F00D8EC43 /* IndicatorView.swift in Sources */,
				D374808624DCF6A200D8EC43 /* FirebaseService.swift in Sources */,
				D374802D24DC1EA100D8EC43 /* AppDelegate.swift in Sources */,
				D374805324DC35AE00D8EC43 /* NewMusicCoverTableCell.swift in Sources */,
				D3A3560624E18D430009700A /* CellIDExtension.swift in Sources */,
				D37480D124E0E47E00D8EC43 /* NewMessageTableCell.swift in Sources */,
				D374807C24DC5EBB00D8EC43 /* WebService.swift in Sources */,
				D374806524DC4A6F00D8EC43 /* BottomLoginPageViewController.swift in Sources */,
				D374809924DD460500D8EC43 /* PlusCoverButton.swift in Sources */,
				D374805524DC365700D8EC43 /* CoverCollectionCell.swift in Sources */,
				D37480C824E0C84D00D8EC43 /* MessagesTableViewController.swift in Sources */,
				D374807124DC502A00D8EC43 /* EmailTextField.swift in Sources */,
				D374805124DC32C800D8EC43 /* NewMusicTitleTableCell.swift in Sources */,
				D37480A424DFBA9A00D8EC43 /* MusicListTitleTableCell.swift in Sources */,
				D374804F24DC2DA600D8EC43 /* BannerCollectionCell.swift in Sources */,
				D37480D924E0EEC600D8EC43 /* ChatCollectionCell.swift in Sources */,
				D374804624DC27E900D8EC43 /* User.swift in Sources */,
				D374805B24DC46A900D8EC43 /* TopLoginPageViewController.swift in Sources */,
				D37480CB24E0CC1F00D8EC43 /* MessagesTableCell.swift in Sources */,
				D374808924DD183700D8EC43 /* LoginButton.swift in Sources */,
				D374807524DC519100D8EC43 /* LogButton.swift in Sources */,
				D374809B24DD466B00D8EC43 /* AddMusicButton.swift in Sources */,
				D374809324DD40F300D8EC43 /* Music.swift in Sources */,
				D374805D24DC46C900D8EC43 /* LoginViewController.swift in Sources */,
				D37480A624DFBC4200D8EC43 /* MusicListTableCell.swift in Sources */,
				D374804C24DC2BDF00D8EC43 /* BannerTableCell.swift in Sources */,
				D37480A924DFBE1500D8EC43 /* PageViewController.swift in Sources */,
				D37480C224E039AD00D8EC43 /* SearchTableCell.swift in Sources */,
				D374806924DC4ABA00D8EC43 /* BottomSecondVC.swift in Sources */,
				D37480C524E051E800D8EC43 /* UserProfileViewController.swift in Sources */,
			);
			runOnlyForDeploymentPostprocessing = 0;
		};
/* End PBXSourcesBuildPhase section */

/* Begin PBXVariantGroup section */
		D374803724DC1EA400D8EC43 /* LaunchScreen.storyboard */ = {
			isa = PBXVariantGroup;
			children = (
				D374803824DC1EA400D8EC43 /* Base */,
			);
			name = LaunchScreen.storyboard;
			sourceTree = "<group>";
		};
/* End PBXVariantGroup section */

/* Begin XCBuildConfiguration section */
		D374803B24DC1EA400D8EC43 /* Debug */ = {
			isa = XCBuildConfiguration;
			buildSettings = {
				ALWAYS_SEARCH_USER_PATHS = NO;
				CLANG_ANALYZER_NONNULL = YES;
				CLANG_ANALYZER_NUMBER_OBJECT_CONVERSION = YES_AGGRESSIVE;
				CLANG_CXX_LANGUAGE_STANDARD = "gnu++14";
				CLANG_CXX_LIBRARY = "libc++";
				CLANG_ENABLE_MODULES = YES;
				CLANG_ENABLE_OBJC_ARC = YES;
				CLANG_ENABLE_OBJC_WEAK = YES;
				CLANG_WARN_BLOCK_CAPTURE_AUTORELEASING = YES;
				CLANG_WARN_BOOL_CONVERSION = YES;
				CLANG_WARN_COMMA = YES;
				CLANG_WARN_CONSTANT_CONVERSION = YES;
				CLANG_WARN_DEPRECATED_OBJC_IMPLEMENTATIONS = YES;
				CLANG_WARN_DIRECT_OBJC_ISA_USAGE = YES_ERROR;
				CLANG_WARN_DOCUMENTATION_COMMENTS = YES;
				CLANG_WARN_EMPTY_BODY = YES;
				CLANG_WARN_ENUM_CONVERSION = YES;
				CLANG_WARN_INFINITE_RECURSION = YES;
				CLANG_WARN_INT_CONVERSION = YES;
				CLANG_WARN_NON_LITERAL_NULL_CONVERSION = YES;
				CLANG_WARN_OBJC_IMPLICIT_RETAIN_SELF = YES;
				CLANG_WARN_OBJC_LITERAL_CONVERSION = YES;
				CLANG_WARN_OBJC_ROOT_CLASS = YES_ERROR;
				CLANG_WARN_RANGE_LOOP_ANALYSIS = YES;
				CLANG_WARN_STRICT_PROTOTYPES = YES;
				CLANG_WARN_SUSPICIOUS_MOVE = YES;
				CLANG_WARN_UNGUARDED_AVAILABILITY = YES_AGGRESSIVE;
				CLANG_WARN_UNREACHABLE_CODE = YES;
				CLANG_WARN__DUPLICATE_METHOD_MATCH = YES;
				COPY_PHASE_STRIP = NO;
				DEBUG_INFORMATION_FORMAT = dwarf;
				ENABLE_STRICT_OBJC_MSGSEND = YES;
				ENABLE_TESTABILITY = YES;
				GCC_C_LANGUAGE_STANDARD = gnu11;
				GCC_DYNAMIC_NO_PIC = NO;
				GCC_NO_COMMON_BLOCKS = YES;
				GCC_OPTIMIZATION_LEVEL = 0;
				GCC_PREPROCESSOR_DEFINITIONS = (
					"DEBUG=1",
					"$(inherited)",
				);
				GCC_WARN_64_TO_32_BIT_CONVERSION = YES;
				GCC_WARN_ABOUT_RETURN_TYPE = YES_ERROR;
				GCC_WARN_UNDECLARED_SELECTOR = YES;
				GCC_WARN_UNINITIALIZED_AUTOS = YES_AGGRESSIVE;
				GCC_WARN_UNUSED_FUNCTION = YES;
				GCC_WARN_UNUSED_VARIABLE = YES;
				IPHONEOS_DEPLOYMENT_TARGET = 13.5;
				MTL_ENABLE_DEBUG_INFO = INCLUDE_SOURCE;
				MTL_FAST_MATH = YES;
				ONLY_ACTIVE_ARCH = YES;
				SDKROOT = iphoneos;
				SWIFT_ACTIVE_COMPILATION_CONDITIONS = DEBUG;
				SWIFT_OPTIMIZATION_LEVEL = "-Onone";
			};
			name = Debug;
		};
		D374803C24DC1EA400D8EC43 /* Release */ = {
			isa = XCBuildConfiguration;
			buildSettings = {
				ALWAYS_SEARCH_USER_PATHS = NO;
				CLANG_ANALYZER_NONNULL = YES;
				CLANG_ANALYZER_NUMBER_OBJECT_CONVERSION = YES_AGGRESSIVE;
				CLANG_CXX_LANGUAGE_STANDARD = "gnu++14";
				CLANG_CXX_LIBRARY = "libc++";
				CLANG_ENABLE_MODULES = YES;
				CLANG_ENABLE_OBJC_ARC = YES;
				CLANG_ENABLE_OBJC_WEAK = YES;
				CLANG_WARN_BLOCK_CAPTURE_AUTORELEASING = YES;
				CLANG_WARN_BOOL_CONVERSION = YES;
				CLANG_WARN_COMMA = YES;
				CLANG_WARN_CONSTANT_CONVERSION = YES;
				CLANG_WARN_DEPRECATED_OBJC_IMPLEMENTATIONS = YES;
				CLANG_WARN_DIRECT_OBJC_ISA_USAGE = YES_ERROR;
				CLANG_WARN_DOCUMENTATION_COMMENTS = YES;
				CLANG_WARN_EMPTY_BODY = YES;
				CLANG_WARN_ENUM_CONVERSION = YES;
				CLANG_WARN_INFINITE_RECURSION = YES;
				CLANG_WARN_INT_CONVERSION = YES;
				CLANG_WARN_NON_LITERAL_NULL_CONVERSION = YES;
				CLANG_WARN_OBJC_IMPLICIT_RETAIN_SELF = YES;
				CLANG_WARN_OBJC_LITERAL_CONVERSION = YES;
				CLANG_WARN_OBJC_ROOT_CLASS = YES_ERROR;
				CLANG_WARN_RANGE_LOOP_ANALYSIS = YES;
				CLANG_WARN_STRICT_PROTOTYPES = YES;
				CLANG_WARN_SUSPICIOUS_MOVE = YES;
				CLANG_WARN_UNGUARDED_AVAILABILITY = YES_AGGRESSIVE;
				CLANG_WARN_UNREACHABLE_CODE = YES;
				CLANG_WARN__DUPLICATE_METHOD_MATCH = YES;
				COPY_PHASE_STRIP = NO;
				DEBUG_INFORMATION_FORMAT = "dwarf-with-dsym";
				ENABLE_NS_ASSERTIONS = NO;
				ENABLE_STRICT_OBJC_MSGSEND = YES;
				GCC_C_LANGUAGE_STANDARD = gnu11;
				GCC_NO_COMMON_BLOCKS = YES;
				GCC_WARN_64_TO_32_BIT_CONVERSION = YES;
				GCC_WARN_ABOUT_RETURN_TYPE = YES_ERROR;
				GCC_WARN_UNDECLARED_SELECTOR = YES;
				GCC_WARN_UNINITIALIZED_AUTOS = YES_AGGRESSIVE;
				GCC_WARN_UNUSED_FUNCTION = YES;
				GCC_WARN_UNUSED_VARIABLE = YES;
				IPHONEOS_DEPLOYMENT_TARGET = 13.5;
				MTL_ENABLE_DEBUG_INFO = NO;
				MTL_FAST_MATH = YES;
				SDKROOT = iphoneos;
				SWIFT_COMPILATION_MODE = wholemodule;
				SWIFT_OPTIMIZATION_LEVEL = "-O";
				VALIDATE_PRODUCT = YES;
			};
			name = Release;
		};
		D374803E24DC1EA400D8EC43 /* Debug */ = {
			isa = XCBuildConfiguration;
			baseConfigurationReference = 36A939FEB25BC4DB98ADB9C5 /* Pods-OhMyBeatmaker.debug.xcconfig */;
			buildSettings = {
				ASSETCATALOG_COMPILER_APPICON_NAME = AppIcon;
				CODE_SIGN_STYLE = Automatic;
				DEVELOPMENT_TEAM = S8BG7546AB;
				INFOPLIST_FILE = OhMyBeatmaker/Info.plist;
				IPHONEOS_DEPLOYMENT_TARGET = 13.0;
				LD_RUNPATH_SEARCH_PATHS = (
					"$(inherited)",
					"@executable_path/Frameworks",
				);
				PRODUCT_BUNDLE_IDENTIFIER = kr.DevDDong.OhMyBeatmaker;
				PRODUCT_NAME = "$(TARGET_NAME)";
				SWIFT_VERSION = 5.0;
				TARGETED_DEVICE_FAMILY = "1,2";
			};
			name = Debug;
		};
		D374803F24DC1EA400D8EC43 /* Release */ = {
			isa = XCBuildConfiguration;
			baseConfigurationReference = C2ED898FED249AAFAA514225 /* Pods-OhMyBeatmaker.release.xcconfig */;
			buildSettings = {
				ASSETCATALOG_COMPILER_APPICON_NAME = AppIcon;
				CODE_SIGN_STYLE = Automatic;
				DEVELOPMENT_TEAM = S8BG7546AB;
				INFOPLIST_FILE = OhMyBeatmaker/Info.plist;
				IPHONEOS_DEPLOYMENT_TARGET = 13.0;
				LD_RUNPATH_SEARCH_PATHS = (
					"$(inherited)",
					"@executable_path/Frameworks",
				);
				PRODUCT_BUNDLE_IDENTIFIER = kr.DevDDong.OhMyBeatmaker;
				PRODUCT_NAME = "$(TARGET_NAME)";
				SWIFT_VERSION = 5.0;
				TARGETED_DEVICE_FAMILY = "1,2";
			};
			name = Release;
		};
/* End XCBuildConfiguration section */

/* Begin XCConfigurationList section */
		D374802424DC1EA100D8EC43 /* Build configuration list for PBXProject "OhMyBeatmaker" */ = {
			isa = XCConfigurationList;
			buildConfigurations = (
				D374803B24DC1EA400D8EC43 /* Debug */,
				D374803C24DC1EA400D8EC43 /* Release */,
			);
			defaultConfigurationIsVisible = 0;
			defaultConfigurationName = Release;
		};
		D374803D24DC1EA400D8EC43 /* Build configuration list for PBXNativeTarget "OhMyBeatmaker" */ = {
			isa = XCConfigurationList;
			buildConfigurations = (
				D374803E24DC1EA400D8EC43 /* Debug */,
				D374803F24DC1EA400D8EC43 /* Release */,
			);
			defaultConfigurationIsVisible = 0;
			defaultConfigurationName = Release;
		};
/* End XCConfigurationList section */
	};
	rootObject = D374802124DC1EA100D8EC43 /* Project object */;
}
